// !$*UTF8*$!
{
	archiveVersion = 1;
	classes = {
	};
	objectVersion = 46;
	objects = {

/* Begin PBXBuildFile section */
		7D4CAEBD1A4FF95A003E1281 /* libVVJSONSchemaValidation-iOS.a in Frameworks */ = {isa = PBXBuildFile; fileRef = 7D4CAEB11A4FF95A003E1281 /* libVVJSONSchemaValidation-iOS.a */; };
		7D4CAECD1A4FF9A9003E1281 /* VVJSONSchema.m in Sources */ = {isa = PBXBuildFile; fileRef = 7D4CAECC1A4FF9A9003E1281 /* VVJSONSchema.m */; };
		7D4CAED11A4FF9F0003E1281 /* VVJSONSchemaStore.m in Sources */ = {isa = PBXBuildFile; fileRef = 7D4CAED01A4FF9F0003E1281 /* VVJSONSchemaStore.m */; };
		7D4CAED51A4FFC68003E1281 /* VVJSONSchemaReference.m in Sources */ = {isa = PBXBuildFile; fileRef = 7D4CAED41A4FFC68003E1281 /* VVJSONSchemaReference.m */; };
		7D4CAF0C1A50FA45003E1281 /* VVJSONSchema.m in Sources */ = {isa = PBXBuildFile; fileRef = 7D4CAECC1A4FF9A9003E1281 /* VVJSONSchema.m */; };
		7D4CAF0D1A50FA48003E1281 /* VVJSONSchemaReference.m in Sources */ = {isa = PBXBuildFile; fileRef = 7D4CAED41A4FFC68003E1281 /* VVJSONSchemaReference.m */; };
		7D4CAF0E1A50FA48003E1281 /* VVJSONSchemaStore.m in Sources */ = {isa = PBXBuildFile; fileRef = 7D4CAED01A4FF9F0003E1281 /* VVJSONSchemaStore.m */; };
		7D4CAF111A510053003E1281 /* VVJSONSchemaErrors.m in Sources */ = {isa = PBXBuildFile; fileRef = 7D4CAF101A510053003E1281 /* VVJSONSchemaErrors.m */; };
		7D4CAF121A51005F003E1281 /* VVJSONSchemaErrors.m in Sources */ = {isa = PBXBuildFile; fileRef = 7D4CAF101A510053003E1281 /* VVJSONSchemaErrors.m */; };
		7D4CAF151A5114F1003E1281 /* NSURL+VVJSONReferencing.m in Sources */ = {isa = PBXBuildFile; fileRef = 7D4CAF141A5114F1003E1281 /* NSURL+VVJSONReferencing.m */; };
		7D4CAF161A5114FB003E1281 /* NSURL+VVJSONReferencing.m in Sources */ = {isa = PBXBuildFile; fileRef = 7D4CAF141A5114F1003E1281 /* NSURL+VVJSONReferencing.m */; };
		7D4CAF191A5128C8003E1281 /* VVJSONSchemaFactory.h in Headers */ = {isa = PBXBuildFile; fileRef = 7D4CAF171A5128C8003E1281 /* VVJSONSchemaFactory.h */; settings = {ATTRIBUTES = (Public, ); }; };
		7D4CAF1A1A5128C8003E1281 /* VVJSONSchemaFactory.m in Sources */ = {isa = PBXBuildFile; fileRef = 7D4CAF181A5128C8003E1281 /* VVJSONSchemaFactory.m */; };
		7D4CAF1B1A5128C8003E1281 /* VVJSONSchemaFactory.m in Sources */ = {isa = PBXBuildFile; fileRef = 7D4CAF181A5128C8003E1281 /* VVJSONSchemaFactory.m */; };
		7D4CAF211A512950003E1281 /* VVJSONSchema.h in Headers */ = {isa = PBXBuildFile; fileRef = 7D4CAECB1A4FF9A9003E1281 /* VVJSONSchema.h */; settings = {ATTRIBUTES = (Public, ); }; };
		7D4CAF221A512950003E1281 /* VVJSONSchemaReference.h in Headers */ = {isa = PBXBuildFile; fileRef = 7D4CAED31A4FFC68003E1281 /* VVJSONSchemaReference.h */; settings = {ATTRIBUTES = (Public, ); }; };
		7D4CAF231A512950003E1281 /* VVJSONSchemaStore.h in Headers */ = {isa = PBXBuildFile; fileRef = 7D4CAECF1A4FF9F0003E1281 /* VVJSONSchemaStore.h */; settings = {ATTRIBUTES = (Public, ); }; };
		7D4CAF241A512950003E1281 /* VVJSONSchemaErrors.h in Headers */ = {isa = PBXBuildFile; fileRef = 7D4CAF0F1A510053003E1281 /* VVJSONSchemaErrors.h */; settings = {ATTRIBUTES = (Public, ); }; };
		7D4CAF251A512950003E1281 /* NSURL+VVJSONReferencing.h in Headers */ = {isa = PBXBuildFile; fileRef = 7D4CAF131A5114F1003E1281 /* NSURL+VVJSONReferencing.h */; settings = {ATTRIBUTES = (Private, ); }; };
		7D4CAF2C1A518E0B003E1281 /* VVJSONSchemaTests.m in Sources */ = {isa = PBXBuildFile; fileRef = 7D4CAF2B1A518E0B003E1281 /* VVJSONSchemaTests.m */; };
		7D4CAF2F1A518E87003E1281 /* VVJSONSchemaTestCase.m in Sources */ = {isa = PBXBuildFile; fileRef = 7D4CAF2E1A518E87003E1281 /* VVJSONSchemaTestCase.m */; };
		7D4CAF4C1A519998003E1281 /* additionalItems.json in Resources */ = {isa = PBXBuildFile; fileRef = 7D4CAF311A519998003E1281 /* additionalItems.json */; };
		7D4CAF4D1A519998003E1281 /* additionalProperties.json in Resources */ = {isa = PBXBuildFile; fileRef = 7D4CAF321A519998003E1281 /* additionalProperties.json */; };
		7D4CAF4E1A519998003E1281 /* allOf.json in Resources */ = {isa = PBXBuildFile; fileRef = 7D4CAF331A519998003E1281 /* allOf.json */; };
		7D4CAF4F1A519998003E1281 /* anyOf.json in Resources */ = {isa = PBXBuildFile; fileRef = 7D4CAF341A519998003E1281 /* anyOf.json */; };
		7D4CAF501A519998003E1281 /* default.json in Resources */ = {isa = PBXBuildFile; fileRef = 7D4CAF351A519998003E1281 /* default.json */; };
		7D4CAF511A519998003E1281 /* definitions.json in Resources */ = {isa = PBXBuildFile; fileRef = 7D4CAF361A519998003E1281 /* definitions.json */; };
		7D4CAF521A519998003E1281 /* dependencies.json in Resources */ = {isa = PBXBuildFile; fileRef = 7D4CAF371A519998003E1281 /* dependencies.json */; };
		7D4CAF531A519998003E1281 /* enum.json in Resources */ = {isa = PBXBuildFile; fileRef = 7D4CAF381A519998003E1281 /* enum.json */; };
		7D4CAF541A519998003E1281 /* items.json in Resources */ = {isa = PBXBuildFile; fileRef = 7D4CAF391A519998003E1281 /* items.json */; };
		7D4CAF551A519998003E1281 /* maximum.json in Resources */ = {isa = PBXBuildFile; fileRef = 7D4CAF3A1A519998003E1281 /* maximum.json */; };
		7D4CAF561A519998003E1281 /* maxItems.json in Resources */ = {isa = PBXBuildFile; fileRef = 7D4CAF3B1A519998003E1281 /* maxItems.json */; };
		7D4CAF571A519998003E1281 /* maxLength.json in Resources */ = {isa = PBXBuildFile; fileRef = 7D4CAF3C1A519998003E1281 /* maxLength.json */; };
		7D4CAF581A519998003E1281 /* maxProperties.json in Resources */ = {isa = PBXBuildFile; fileRef = 7D4CAF3D1A519998003E1281 /* maxProperties.json */; };
		7D4CAF591A519998003E1281 /* minimum.json in Resources */ = {isa = PBXBuildFile; fileRef = 7D4CAF3E1A519998003E1281 /* minimum.json */; };
		7D4CAF5A1A519998003E1281 /* minItems.json in Resources */ = {isa = PBXBuildFile; fileRef = 7D4CAF3F1A519998003E1281 /* minItems.json */; };
		7D4CAF5B1A519998003E1281 /* minLength.json in Resources */ = {isa = PBXBuildFile; fileRef = 7D4CAF401A519998003E1281 /* minLength.json */; };
		7D4CAF5C1A519998003E1281 /* minProperties.json in Resources */ = {isa = PBXBuildFile; fileRef = 7D4CAF411A519998003E1281 /* minProperties.json */; };
		7D4CAF5D1A519998003E1281 /* multipleOf.json in Resources */ = {isa = PBXBuildFile; fileRef = 7D4CAF421A519998003E1281 /* multipleOf.json */; };
		7D4CAF5E1A519998003E1281 /* not.json in Resources */ = {isa = PBXBuildFile; fileRef = 7D4CAF431A519998003E1281 /* not.json */; };
		7D4CAF5F1A519998003E1281 /* oneOf.json in Resources */ = {isa = PBXBuildFile; fileRef = 7D4CAF441A519998003E1281 /* oneOf.json */; };
		7D4CAF601A519998003E1281 /* pattern.json in Resources */ = {isa = PBXBuildFile; fileRef = 7D4CAF451A519998003E1281 /* pattern.json */; };
		7D4CAF611A519998003E1281 /* patternProperties.json in Resources */ = {isa = PBXBuildFile; fileRef = 7D4CAF461A519998003E1281 /* patternProperties.json */; };
		7D4CAF621A519998003E1281 /* properties.json in Resources */ = {isa = PBXBuildFile; fileRef = 7D4CAF471A519998003E1281 /* properties.json */; };
		7D4CAF631A519998003E1281 /* ref.json in Resources */ = {isa = PBXBuildFile; fileRef = 7D4CAF481A519998003E1281 /* ref.json */; };
		7D4CAF641A519998003E1281 /* required.json in Resources */ = {isa = PBXBuildFile; fileRef = 7D4CAF491A519998003E1281 /* required.json */; };
		7D4CAF651A519998003E1281 /* type.json in Resources */ = {isa = PBXBuildFile; fileRef = 7D4CAF4A1A519998003E1281 /* type.json */; };
		7D4CAF661A519998003E1281 /* uniqueItems.json in Resources */ = {isa = PBXBuildFile; fileRef = 7D4CAF4B1A519998003E1281 /* uniqueItems.json */; };
		7D4CAF671A519C17003E1281 /* VVJSONSchema.m in Sources */ = {isa = PBXBuildFile; fileRef = 7D4CAECC1A4FF9A9003E1281 /* VVJSONSchema.m */; };
		7D4CAF681A519C17003E1281 /* VVJSONSchemaReference.m in Sources */ = {isa = PBXBuildFile; fileRef = 7D4CAED41A4FFC68003E1281 /* VVJSONSchemaReference.m */; };
		7D4CAF691A519C17003E1281 /* VVJSONSchemaFactory.m in Sources */ = {isa = PBXBuildFile; fileRef = 7D4CAF181A5128C8003E1281 /* VVJSONSchemaFactory.m */; };
		7D4CAF6A1A519C17003E1281 /* VVJSONSchemaStore.m in Sources */ = {isa = PBXBuildFile; fileRef = 7D4CAED01A4FF9F0003E1281 /* VVJSONSchemaStore.m */; };
		7D4CAF6B1A519C17003E1281 /* VVJSONSchemaErrors.m in Sources */ = {isa = PBXBuildFile; fileRef = 7D4CAF101A510053003E1281 /* VVJSONSchemaErrors.m */; };
		7D4CAF6C1A519C17003E1281 /* NSURL+VVJSONReferencing.m in Sources */ = {isa = PBXBuildFile; fileRef = 7D4CAF141A5114F1003E1281 /* NSURL+VVJSONReferencing.m */; };
		7D4CAF6D1A519C46003E1281 /* VVJSONInstanceValidator.h in Headers */ = {isa = PBXBuildFile; fileRef = 7D4CAECE1A4FF9D6003E1281 /* VVJSONInstanceValidator.h */; settings = {ATTRIBUTES = (Public, ); }; };
/* End PBXBuildFile section */

/* Begin PBXContainerItemProxy section */
		7D4CAEBE1A4FF95A003E1281 /* PBXContainerItemProxy */ = {
			isa = PBXContainerItemProxy;
			containerPortal = 7D4CAEA91A4FF95A003E1281 /* Project object */;
			proxyType = 1;
			remoteGlobalIDString = 7D4CAEB01A4FF95A003E1281;
			remoteInfo = VVJSONSchemaValidation;
		};
/* End PBXContainerItemProxy section */

/* Begin PBXCopyFilesBuildPhase section */
		7D4CAEAF1A4FF95A003E1281 /* CopyFiles */ = {
			isa = PBXCopyFilesBuildPhase;
			buildActionMask = 2147483647;
			dstPath = "include/$(PRODUCT_NAME)";
			dstSubfolderSpec = 16;
			files = (
			);
			runOnlyForDeploymentPostprocessing = 0;
		};
/* End PBXCopyFilesBuildPhase section */

/* Begin PBXFileReference section */
		7D4CAEB11A4FF95A003E1281 /* libVVJSONSchemaValidation-iOS.a */ = {isa = PBXFileReference; explicitFileType = archive.ar; includeInIndex = 0; path = "libVVJSONSchemaValidation-iOS.a"; sourceTree = BUILT_PRODUCTS_DIR; };
		7D4CAEBC1A4FF95A003E1281 /* VVJSONSchemaValidationTests.xctest */ = {isa = PBXFileReference; explicitFileType = wrapper.cfbundle; includeInIndex = 0; path = VVJSONSchemaValidationTests.xctest; sourceTree = BUILT_PRODUCTS_DIR; };
		7D4CAEC21A4FF95A003E1281 /* Info.plist */ = {isa = PBXFileReference; lastKnownFileType = text.plist.xml; path = Info.plist; sourceTree = "<group>"; };
		7D4CAECB1A4FF9A9003E1281 /* VVJSONSchema.h */ = {isa = PBXFileReference; fileEncoding = 4; lastKnownFileType = sourcecode.c.h; path = VVJSONSchema.h; sourceTree = "<group>"; };
		7D4CAECC1A4FF9A9003E1281 /* VVJSONSchema.m */ = {isa = PBXFileReference; fileEncoding = 4; lastKnownFileType = sourcecode.c.objc; path = VVJSONSchema.m; sourceTree = "<group>"; };
		7D4CAECE1A4FF9D6003E1281 /* VVJSONInstanceValidator.h */ = {isa = PBXFileReference; fileEncoding = 4; lastKnownFileType = sourcecode.c.h; path = VVJSONInstanceValidator.h; sourceTree = "<group>"; };
		7D4CAECF1A4FF9F0003E1281 /* VVJSONSchemaStore.h */ = {isa = PBXFileReference; fileEncoding = 4; lastKnownFileType = sourcecode.c.h; path = VVJSONSchemaStore.h; sourceTree = "<group>"; };
		7D4CAED01A4FF9F0003E1281 /* VVJSONSchemaStore.m */ = {isa = PBXFileReference; fileEncoding = 4; lastKnownFileType = sourcecode.c.objc; path = VVJSONSchemaStore.m; sourceTree = "<group>"; };
		7D4CAED31A4FFC68003E1281 /* VVJSONSchemaReference.h */ = {isa = PBXFileReference; fileEncoding = 4; lastKnownFileType = sourcecode.c.h; path = VVJSONSchemaReference.h; sourceTree = "<group>"; };
		7D4CAED41A4FFC68003E1281 /* VVJSONSchemaReference.m */ = {isa = PBXFileReference; fileEncoding = 4; lastKnownFileType = sourcecode.c.objc; path = VVJSONSchemaReference.m; sourceTree = "<group>"; };
		7D4CAEF51A50FA24003E1281 /* libVVJSONSchemaValidation-OSX.a */ = {isa = PBXFileReference; explicitFileType = archive.ar; includeInIndex = 0; path = "libVVJSONSchemaValidation-OSX.a"; sourceTree = BUILT_PRODUCTS_DIR; };
		7D4CAF0F1A510053003E1281 /* VVJSONSchemaErrors.h */ = {isa = PBXFileReference; fileEncoding = 4; lastKnownFileType = sourcecode.c.h; path = VVJSONSchemaErrors.h; sourceTree = "<group>"; };
		7D4CAF101A510053003E1281 /* VVJSONSchemaErrors.m */ = {isa = PBXFileReference; fileEncoding = 4; lastKnownFileType = sourcecode.c.objc; path = VVJSONSchemaErrors.m; sourceTree = "<group>"; };
		7D4CAF131A5114F1003E1281 /* NSURL+VVJSONReferencing.h */ = {isa = PBXFileReference; fileEncoding = 4; lastKnownFileType = sourcecode.c.h; path = "NSURL+VVJSONReferencing.h"; sourceTree = "<group>"; };
		7D4CAF141A5114F1003E1281 /* NSURL+VVJSONReferencing.m */ = {isa = PBXFileReference; fileEncoding = 4; lastKnownFileType = sourcecode.c.objc; path = "NSURL+VVJSONReferencing.m"; sourceTree = "<group>"; };
		7D4CAF171A5128C8003E1281 /* VVJSONSchemaFactory.h */ = {isa = PBXFileReference; fileEncoding = 4; lastKnownFileType = sourcecode.c.h; path = VVJSONSchemaFactory.h; sourceTree = "<group>"; };
		7D4CAF181A5128C8003E1281 /* VVJSONSchemaFactory.m */ = {isa = PBXFileReference; fileEncoding = 4; lastKnownFileType = sourcecode.c.objc; path = VVJSONSchemaFactory.m; sourceTree = "<group>"; };
		7D4CAF2B1A518E0B003E1281 /* VVJSONSchemaTests.m */ = {isa = PBXFileReference; fileEncoding = 4; lastKnownFileType = sourcecode.c.objc; path = VVJSONSchemaTests.m; sourceTree = "<group>"; };
		7D4CAF2D1A518E87003E1281 /* VVJSONSchemaTestCase.h */ = {isa = PBXFileReference; fileEncoding = 4; lastKnownFileType = sourcecode.c.h; path = VVJSONSchemaTestCase.h; sourceTree = "<group>"; };
		7D4CAF2E1A518E87003E1281 /* VVJSONSchemaTestCase.m */ = {isa = PBXFileReference; fileEncoding = 4; lastKnownFileType = sourcecode.c.objc; path = VVJSONSchemaTestCase.m; sourceTree = "<group>"; };
		7D4CAF311A519998003E1281 /* additionalItems.json */ = {isa = PBXFileReference; fileEncoding = 4; lastKnownFileType = text.json; path = additionalItems.json; sourceTree = "<group>"; };
		7D4CAF321A519998003E1281 /* additionalProperties.json */ = {isa = PBXFileReference; fileEncoding = 4; lastKnownFileType = text.json; path = additionalProperties.json; sourceTree = "<group>"; };
		7D4CAF331A519998003E1281 /* allOf.json */ = {isa = PBXFileReference; fileEncoding = 4; lastKnownFileType = text.json; path = allOf.json; sourceTree = "<group>"; };
		7D4CAF341A519998003E1281 /* anyOf.json */ = {isa = PBXFileReference; fileEncoding = 4; lastKnownFileType = text.json; path = anyOf.json; sourceTree = "<group>"; };
		7D4CAF351A519998003E1281 /* default.json */ = {isa = PBXFileReference; fileEncoding = 4; lastKnownFileType = text.json; path = default.json; sourceTree = "<group>"; };
		7D4CAF361A519998003E1281 /* definitions.json */ = {isa = PBXFileReference; fileEncoding = 4; lastKnownFileType = text.json; path = definitions.json; sourceTree = "<group>"; };
		7D4CAF371A519998003E1281 /* dependencies.json */ = {isa = PBXFileReference; fileEncoding = 4; lastKnownFileType = text.json; path = dependencies.json; sourceTree = "<group>"; };
		7D4CAF381A519998003E1281 /* enum.json */ = {isa = PBXFileReference; fileEncoding = 4; lastKnownFileType = text.json; path = enum.json; sourceTree = "<group>"; };
		7D4CAF391A519998003E1281 /* items.json */ = {isa = PBXFileReference; fileEncoding = 4; lastKnownFileType = text.json; path = items.json; sourceTree = "<group>"; };
		7D4CAF3A1A519998003E1281 /* maximum.json */ = {isa = PBXFileReference; fileEncoding = 4; lastKnownFileType = text.json; path = maximum.json; sourceTree = "<group>"; };
		7D4CAF3B1A519998003E1281 /* maxItems.json */ = {isa = PBXFileReference; fileEncoding = 4; lastKnownFileType = text.json; path = maxItems.json; sourceTree = "<group>"; };
		7D4CAF3C1A519998003E1281 /* maxLength.json */ = {isa = PBXFileReference; fileEncoding = 4; lastKnownFileType = text.json; path = maxLength.json; sourceTree = "<group>"; };
		7D4CAF3D1A519998003E1281 /* maxProperties.json */ = {isa = PBXFileReference; fileEncoding = 4; lastKnownFileType = text.json; path = maxProperties.json; sourceTree = "<group>"; };
		7D4CAF3E1A519998003E1281 /* minimum.json */ = {isa = PBXFileReference; fileEncoding = 4; lastKnownFileType = text.json; path = minimum.json; sourceTree = "<group>"; };
		7D4CAF3F1A519998003E1281 /* minItems.json */ = {isa = PBXFileReference; fileEncoding = 4; lastKnownFileType = text.json; path = minItems.json; sourceTree = "<group>"; };
		7D4CAF401A519998003E1281 /* minLength.json */ = {isa = PBXFileReference; fileEncoding = 4; lastKnownFileType = text.json; path = minLength.json; sourceTree = "<group>"; };
		7D4CAF411A519998003E1281 /* minProperties.json */ = {isa = PBXFileReference; fileEncoding = 4; lastKnownFileType = text.json; path = minProperties.json; sourceTree = "<group>"; };
		7D4CAF421A519998003E1281 /* multipleOf.json */ = {isa = PBXFileReference; fileEncoding = 4; lastKnownFileType = text.json; path = multipleOf.json; sourceTree = "<group>"; };
		7D4CAF431A519998003E1281 /* not.json */ = {isa = PBXFileReference; fileEncoding = 4; lastKnownFileType = text.json; path = not.json; sourceTree = "<group>"; };
		7D4CAF441A519998003E1281 /* oneOf.json */ = {isa = PBXFileReference; fileEncoding = 4; lastKnownFileType = text.json; path = oneOf.json; sourceTree = "<group>"; };
		7D4CAF451A519998003E1281 /* pattern.json */ = {isa = PBXFileReference; fileEncoding = 4; lastKnownFileType = text.json; path = pattern.json; sourceTree = "<group>"; };
		7D4CAF461A519998003E1281 /* patternProperties.json */ = {isa = PBXFileReference; fileEncoding = 4; lastKnownFileType = text.json; path = patternProperties.json; sourceTree = "<group>"; };
		7D4CAF471A519998003E1281 /* properties.json */ = {isa = PBXFileReference; fileEncoding = 4; lastKnownFileType = text.json; path = properties.json; sourceTree = "<group>"; };
		7D4CAF481A519998003E1281 /* ref.json */ = {isa = PBXFileReference; fileEncoding = 4; lastKnownFileType = text.json; path = ref.json; sourceTree = "<group>"; };
		7D4CAF491A519998003E1281 /* required.json */ = {isa = PBXFileReference; fileEncoding = 4; lastKnownFileType = text.json; path = required.json; sourceTree = "<group>"; };
		7D4CAF4A1A519998003E1281 /* type.json */ = {isa = PBXFileReference; fileEncoding = 4; lastKnownFileType = text.json; path = type.json; sourceTree = "<group>"; };
		7D4CAF4B1A519998003E1281 /* uniqueItems.json */ = {isa = PBXFileReference; fileEncoding = 4; lastKnownFileType = text.json; path = uniqueItems.json; sourceTree = "<group>"; };
/* End PBXFileReference section */

/* Begin PBXFrameworksBuildPhase section */
		7D4CAEAE1A4FF95A003E1281 /* Frameworks */ = {
			isa = PBXFrameworksBuildPhase;
			buildActionMask = 2147483647;
			files = (
			);
			runOnlyForDeploymentPostprocessing = 0;
		};
		7D4CAEB91A4FF95A003E1281 /* Frameworks */ = {
			isa = PBXFrameworksBuildPhase;
			buildActionMask = 2147483647;
			files = (
				7D4CAEBD1A4FF95A003E1281 /* libVVJSONSchemaValidation-iOS.a in Frameworks */,
			);
			runOnlyForDeploymentPostprocessing = 0;
		};
		7D4CAEF21A50FA24003E1281 /* Frameworks */ = {
			isa = PBXFrameworksBuildPhase;
			buildActionMask = 2147483647;
			files = (
			);
			runOnlyForDeploymentPostprocessing = 0;
		};
/* End PBXFrameworksBuildPhase section */

/* Begin PBXGroup section */
		7D4CAEA81A4FF95A003E1281 = {
			isa = PBXGroup;
			children = (
				7D4CAEB31A4FF95A003E1281 /* VVJSONSchemaValidation */,
				7D4CAEC01A4FF95A003E1281 /* VVJSONSchemaValidationTests */,
				7D4CAEB21A4FF95A003E1281 /* Products */,
			);
			sourceTree = "<group>";
		};
		7D4CAEB21A4FF95A003E1281 /* Products */ = {
			isa = PBXGroup;
			children = (
				7D4CAEB11A4FF95A003E1281 /* libVVJSONSchemaValidation-iOS.a */,
				7D4CAEBC1A4FF95A003E1281 /* VVJSONSchemaValidationTests.xctest */,
				7D4CAEF51A50FA24003E1281 /* libVVJSONSchemaValidation-OSX.a */,
			);
			name = Products;
			sourceTree = "<group>";
		};
		7D4CAEB31A4FF95A003E1281 /* VVJSONSchemaValidation */ = {
			isa = PBXGroup;
			children = (
				7D4CAED21A4FF9FC003E1281 /* Validators */,
				7D4CAECB1A4FF9A9003E1281 /* VVJSONSchema.h */,
				7D4CAECC1A4FF9A9003E1281 /* VVJSONSchema.m */,
				7D4CAED31A4FFC68003E1281 /* VVJSONSchemaReference.h */,
				7D4CAED41A4FFC68003E1281 /* VVJSONSchemaReference.m */,
				7D4CAF171A5128C8003E1281 /* VVJSONSchemaFactory.h */,
				7D4CAF181A5128C8003E1281 /* VVJSONSchemaFactory.m */,
				7D4CAECF1A4FF9F0003E1281 /* VVJSONSchemaStore.h */,
				7D4CAED01A4FF9F0003E1281 /* VVJSONSchemaStore.m */,
				7D4CAECE1A4FF9D6003E1281 /* VVJSONInstanceValidator.h */,
				7D4CAF0F1A510053003E1281 /* VVJSONSchemaErrors.h */,
				7D4CAF101A510053003E1281 /* VVJSONSchemaErrors.m */,
				7D4CAF131A5114F1003E1281 /* NSURL+VVJSONReferencing.h */,
				7D4CAF141A5114F1003E1281 /* NSURL+VVJSONReferencing.m */,
			);
			path = VVJSONSchemaValidation;
			sourceTree = "<group>";
		};
		7D4CAEC01A4FF95A003E1281 /* VVJSONSchemaValidationTests */ = {
			isa = PBXGroup;
			children = (
				7D4CAF2B1A518E0B003E1281 /* VVJSONSchemaTests.m */,
				7D4CAF2D1A518E87003E1281 /* VVJSONSchemaTestCase.h */,
				7D4CAF2E1A518E87003E1281 /* VVJSONSchemaTestCase.m */,
				7D4CAF301A5197BF003E1281 /* Test Suite JSONs */,
				7D4CAEC11A4FF95A003E1281 /* Supporting Files */,
			);
			path = VVJSONSchemaValidationTests;
			sourceTree = "<group>";
		};
		7D4CAEC11A4FF95A003E1281 /* Supporting Files */ = {
			isa = PBXGroup;
			children = (
				7D4CAEC21A4FF95A003E1281 /* Info.plist */,
			);
			name = "Supporting Files";
			sourceTree = "<group>";
		};
		7D4CAED21A4FF9FC003E1281 /* Validators */ = {
			isa = PBXGroup;
			children = (
			);
			name = Validators;
			sourceTree = "<group>";
		};
		7D4CAF301A5197BF003E1281 /* Test Suite JSONs */ = {
			isa = PBXGroup;
			children = (
				7D4CAF311A519998003E1281 /* additionalItems.json */,
				7D4CAF321A519998003E1281 /* additionalProperties.json */,
				7D4CAF331A519998003E1281 /* allOf.json */,
				7D4CAF341A519998003E1281 /* anyOf.json */,
				7D4CAF351A519998003E1281 /* default.json */,
				7D4CAF361A519998003E1281 /* definitions.json */,
				7D4CAF371A519998003E1281 /* dependencies.json */,
				7D4CAF381A519998003E1281 /* enum.json */,
				7D4CAF391A519998003E1281 /* items.json */,
				7D4CAF3A1A519998003E1281 /* maximum.json */,
				7D4CAF3B1A519998003E1281 /* maxItems.json */,
				7D4CAF3C1A519998003E1281 /* maxLength.json */,
				7D4CAF3D1A519998003E1281 /* maxProperties.json */,
				7D4CAF3E1A519998003E1281 /* minimum.json */,
				7D4CAF3F1A519998003E1281 /* minItems.json */,
				7D4CAF401A519998003E1281 /* minLength.json */,
				7D4CAF411A519998003E1281 /* minProperties.json */,
				7D4CAF421A519998003E1281 /* multipleOf.json */,
				7D4CAF431A519998003E1281 /* not.json */,
				7D4CAF441A519998003E1281 /* oneOf.json */,
				7D4CAF451A519998003E1281 /* pattern.json */,
				7D4CAF461A519998003E1281 /* patternProperties.json */,
				7D4CAF471A519998003E1281 /* properties.json */,
				7D4CAF481A519998003E1281 /* ref.json */,
				7D4CAF491A519998003E1281 /* required.json */,
				7D4CAF4A1A519998003E1281 /* type.json */,
				7D4CAF4B1A519998003E1281 /* uniqueItems.json */,
			);
			name = "Test Suite JSONs";
			sourceTree = "<group>";
		};
/* End PBXGroup section */

/* Begin PBXHeadersBuildPhase section */
		7D4CAEF31A50FA24003E1281 /* Headers */ = {
			isa = PBXHeadersBuildPhase;
			buildActionMask = 2147483647;
			files = (
				7D4CAF191A5128C8003E1281 /* VVJSONSchemaFactory.h in Headers */,
				7D4CAF231A512950003E1281 /* VVJSONSchemaStore.h in Headers */,
				7D4CAF6D1A519C46003E1281 /* VVJSONInstanceValidator.h in Headers */,
				7D4CAF251A512950003E1281 /* NSURL+VVJSONReferencing.h in Headers */,
				7D4CAF241A512950003E1281 /* VVJSONSchemaErrors.h in Headers */,
				7D4CAF211A512950003E1281 /* VVJSONSchema.h in Headers */,
				7D4CAF221A512950003E1281 /* VVJSONSchemaReference.h in Headers */,
			);
			runOnlyForDeploymentPostprocessing = 0;
		};
/* End PBXHeadersBuildPhase section */

/* Begin PBXNativeTarget section */
		7D4CAEB01A4FF95A003E1281 /* VVJSONSchemaValidation-iOS */ = {
			isa = PBXNativeTarget;
			buildConfigurationList = 7D4CAEC51A4FF95A003E1281 /* Build configuration list for PBXNativeTarget "VVJSONSchemaValidation-iOS" */;
			buildPhases = (
				7D4CAEAD1A4FF95A003E1281 /* Sources */,
				7D4CAEAE1A4FF95A003E1281 /* Frameworks */,
				7D4CAEAF1A4FF95A003E1281 /* CopyFiles */,
			);
			buildRules = (
			);
			dependencies = (
			);
			name = "VVJSONSchemaValidation-iOS";
			productName = VVJSONSchemaValidation;
			productReference = 7D4CAEB11A4FF95A003E1281 /* libVVJSONSchemaValidation-iOS.a */;
			productType = "com.apple.product-type.library.static";
		};
		7D4CAEBB1A4FF95A003E1281 /* VVJSONSchemaValidationTests */ = {
			isa = PBXNativeTarget;
			buildConfigurationList = 7D4CAEC81A4FF95A003E1281 /* Build configuration list for PBXNativeTarget "VVJSONSchemaValidationTests" */;
			buildPhases = (
				7D4CAEB81A4FF95A003E1281 /* Sources */,
				7D4CAEB91A4FF95A003E1281 /* Frameworks */,
				7D4CAEBA1A4FF95A003E1281 /* Resources */,
			);
			buildRules = (
			);
			dependencies = (
				7D4CAEBF1A4FF95A003E1281 /* PBXTargetDependency */,
			);
			name = VVJSONSchemaValidationTests;
			productName = VVJSONSchemaValidationTests;
			productReference = 7D4CAEBC1A4FF95A003E1281 /* VVJSONSchemaValidationTests.xctest */;
			productType = "com.apple.product-type.bundle.unit-test";
		};
		7D4CAEF41A50FA24003E1281 /* VVJSONSchemaValidation-OSX */ = {
			isa = PBXNativeTarget;
			buildConfigurationList = 7D4CAF061A50FA25003E1281 /* Build configuration list for PBXNativeTarget "VVJSONSchemaValidation-OSX" */;
			buildPhases = (
				7D4CAEF11A50FA24003E1281 /* Sources */,
				7D4CAEF21A50FA24003E1281 /* Frameworks */,
				7D4CAEF31A50FA24003E1281 /* Headers */,
			);
			buildRules = (
			);
			dependencies = (
			);
			name = "VVJSONSchemaValidation-OSX";
			productName = "VVJSONSchemaValidation-OSX";
			productReference = 7D4CAEF51A50FA24003E1281 /* libVVJSONSchemaValidation-OSX.a */;
			productType = "com.apple.product-type.library.static";
		};
/* End PBXNativeTarget section */

/* Begin PBXProject section */
		7D4CAEA91A4FF95A003E1281 /* Project object */ = {
			isa = PBXProject;
			attributes = {
				CLASSPREFIX = VV;
				LastUpgradeCheck = 0610;
				ORGANIZATIONNAME = "Vlas Voloshin";
				TargetAttributes = {
					7D4CAEB01A4FF95A003E1281 = {
						CreatedOnToolsVersion = 6.1.1;
					};
					7D4CAEBB1A4FF95A003E1281 = {
						CreatedOnToolsVersion = 6.1.1;
					};
					7D4CAEF41A50FA24003E1281 = {
						CreatedOnToolsVersion = 6.1.1;
					};
				};
			};
			buildConfigurationList = 7D4CAEAC1A4FF95A003E1281 /* Build configuration list for PBXProject "VVJSONSchemaValidation" */;
			compatibilityVersion = "Xcode 3.2";
			developmentRegion = English;
			hasScannedForEncodings = 0;
			knownRegions = (
				en,
			);
			mainGroup = 7D4CAEA81A4FF95A003E1281;
			productRefGroup = 7D4CAEB21A4FF95A003E1281 /* Products */;
			projectDirPath = "";
			projectRoot = "";
			targets = (
				7D4CAEB01A4FF95A003E1281 /* VVJSONSchemaValidation-iOS */,
				7D4CAEF41A50FA24003E1281 /* VVJSONSchemaValidation-OSX */,
				7D4CAEBB1A4FF95A003E1281 /* VVJSONSchemaValidationTests */,
			);
		};
/* End PBXProject section */

/* Begin PBXResourcesBuildPhase section */
		7D4CAEBA1A4FF95A003E1281 /* Resources */ = {
			isa = PBXResourcesBuildPhase;
			buildActionMask = 2147483647;
			files = (
				7D4CAF511A519998003E1281 /* definitions.json in Resources */,
				7D4CAF4C1A519998003E1281 /* additionalItems.json in Resources */,
				7D4CAF571A519998003E1281 /* maxLength.json in Resources */,
				7D4CAF521A519998003E1281 /* dependencies.json in Resources */,
				7D4CAF591A519998003E1281 /* minimum.json in Resources */,
				7D4CAF661A519998003E1281 /* uniqueItems.json in Resources */,
				7D4CAF631A519998003E1281 /* ref.json in Resources */,
				7D4CAF561A519998003E1281 /* maxItems.json in Resources */,
				7D4CAF501A519998003E1281 /* default.json in Resources */,
				7D4CAF4D1A519998003E1281 /* additionalProperties.json in Resources */,
				7D4CAF5E1A519998003E1281 /* not.json in Resources */,
				7D4CAF4E1A519998003E1281 /* allOf.json in Resources */,
				7D4CAF551A519998003E1281 /* maximum.json in Resources */,
				7D4CAF611A519998003E1281 /* patternProperties.json in Resources */,
				7D4CAF601A519998003E1281 /* pattern.json in Resources */,
				7D4CAF531A519998003E1281 /* enum.json in Resources */,
				7D4CAF4F1A519998003E1281 /* anyOf.json in Resources */,
				7D4CAF621A519998003E1281 /* properties.json in Resources */,
				7D4CAF641A519998003E1281 /* required.json in Resources */,
				7D4CAF5F1A519998003E1281 /* oneOf.json in Resources */,
				7D4CAF651A519998003E1281 /* type.json in Resources */,
				7D4CAF5B1A519998003E1281 /* minLength.json in Resources */,
				7D4CAF5C1A519998003E1281 /* minProperties.json in Resources */,
				7D4CAF5A1A519998003E1281 /* minItems.json in Resources */,
				7D4CAF581A519998003E1281 /* maxProperties.json in Resources */,
				7D4CAF5D1A519998003E1281 /* multipleOf.json in Resources */,
				7D4CAF541A519998003E1281 /* items.json in Resources */,
			);
			runOnlyForDeploymentPostprocessing = 0;
		};
/* End PBXResourcesBuildPhase section */

/* Begin PBXSourcesBuildPhase section */
		7D4CAEAD1A4FF95A003E1281 /* Sources */ = {
			isa = PBXSourcesBuildPhase;
			buildActionMask = 2147483647;
			files = (
				7D4CAED11A4FF9F0003E1281 /* VVJSONSchemaStore.m in Sources */,
				7D4CAECD1A4FF9A9003E1281 /* VVJSONSchema.m in Sources */,
				7D4CAED51A4FFC68003E1281 /* VVJSONSchemaReference.m in Sources */,
				7D4CAF1A1A5128C8003E1281 /* VVJSONSchemaFactory.m in Sources */,
				7D4CAF151A5114F1003E1281 /* NSURL+VVJSONReferencing.m in Sources */,
				7D4CAF111A510053003E1281 /* VVJSONSchemaErrors.m in Sources */,
			);
			runOnlyForDeploymentPostprocessing = 0;
		};
		7D4CAEB81A4FF95A003E1281 /* Sources */ = {
			isa = PBXSourcesBuildPhase;
			buildActionMask = 2147483647;
			files = (
				7D4CAF691A519C17003E1281 /* VVJSONSchemaFactory.m in Sources */,
				7D4CAF6C1A519C17003E1281 /* NSURL+VVJSONReferencing.m in Sources */,
				7D4CAF681A519C17003E1281 /* VVJSONSchemaReference.m in Sources */,
				7D4CAF6A1A519C17003E1281 /* VVJSONSchemaStore.m in Sources */,
				7D4CAF6B1A519C17003E1281 /* VVJSONSchemaErrors.m in Sources */,
				7D4CAF671A519C17003E1281 /* VVJSONSchema.m in Sources */,
				7D4CAF2F1A518E87003E1281 /* VVJSONSchemaTestCase.m in Sources */,
				7D4CAF2C1A518E0B003E1281 /* VVJSONSchemaTests.m in Sources */,
			);
			runOnlyForDeploymentPostprocessing = 0;
		};
		7D4CAEF11A50FA24003E1281 /* Sources */ = {
			isa = PBXSourcesBuildPhase;
			buildActionMask = 2147483647;
			files = (
				7D4CAF0D1A50FA48003E1281 /* VVJSONSchemaReference.m in Sources */,
				7D4CAF0C1A50FA45003E1281 /* VVJSONSchema.m in Sources */,
				7D4CAF0E1A50FA48003E1281 /* VVJSONSchemaStore.m in Sources */,
				7D4CAF1B1A5128C8003E1281 /* VVJSONSchemaFactory.m in Sources */,
				7D4CAF161A5114FB003E1281 /* NSURL+VVJSONReferencing.m in Sources */,
				7D4CAF121A51005F003E1281 /* VVJSONSchemaErrors.m in Sources */,
			);
			runOnlyForDeploymentPostprocessing = 0;
		};
/* End PBXSourcesBuildPhase section */

/* Begin PBXTargetDependency section */
		7D4CAEBF1A4FF95A003E1281 /* PBXTargetDependency */ = {
			isa = PBXTargetDependency;
			target = 7D4CAEB01A4FF95A003E1281 /* VVJSONSchemaValidation-iOS */;
			targetProxy = 7D4CAEBE1A4FF95A003E1281 /* PBXContainerItemProxy */;
		};
/* End PBXTargetDependency section */

/* Begin XCBuildConfiguration section */
		7D4CAEC31A4FF95A003E1281 /* Debug */ = {
			isa = XCBuildConfiguration;
			buildSettings = {
				ALWAYS_SEARCH_USER_PATHS = NO;
				CLANG_CXX_LANGUAGE_STANDARD = "gnu++0x";
				CLANG_CXX_LIBRARY = "libc++";
				CLANG_ENABLE_MODULES = YES;
				CLANG_ENABLE_OBJC_ARC = YES;
				CLANG_WARN_BOOL_CONVERSION = YES;
				CLANG_WARN_CONSTANT_CONVERSION = YES;
				CLANG_WARN_DIRECT_OBJC_ISA_USAGE = YES_ERROR;
				CLANG_WARN_EMPTY_BODY = YES;
				CLANG_WARN_ENUM_CONVERSION = YES;
				CLANG_WARN_INT_CONVERSION = YES;
				CLANG_WARN_OBJC_ROOT_CLASS = YES_ERROR;
				CLANG_WARN_UNREACHABLE_CODE = YES;
				CLANG_WARN__DUPLICATE_METHOD_MATCH = YES;
				COPY_PHASE_STRIP = NO;
				ENABLE_STRICT_OBJC_MSGSEND = YES;
				GCC_C_LANGUAGE_STANDARD = gnu99;
				GCC_DYNAMIC_NO_PIC = NO;
				GCC_OPTIMIZATION_LEVEL = 0;
				GCC_PREPROCESSOR_DEFINITIONS = (
					"DEBUG=1",
					"$(inherited)",
				);
				GCC_SYMBOLS_PRIVATE_EXTERN = NO;
				GCC_WARN_64_TO_32_BIT_CONVERSION = YES;
				GCC_WARN_ABOUT_RETURN_TYPE = YES_ERROR;
				GCC_WARN_UNDECLARED_SELECTOR = YES;
				GCC_WARN_UNINITIALIZED_AUTOS = YES_AGGRESSIVE;
				GCC_WARN_UNUSED_FUNCTION = YES;
				GCC_WARN_UNUSED_VARIABLE = YES;
				IPHONEOS_DEPLOYMENT_TARGET = 7.0;
				MACOSX_DEPLOYMENT_TARGET = 10.9;
				MTL_ENABLE_DEBUG_INFO = YES;
				ONLY_ACTIVE_ARCH = YES;
				SDKROOT = iphoneos;
			};
			name = Debug;
		};
		7D4CAEC41A4FF95A003E1281 /* Release */ = {
			isa = XCBuildConfiguration;
			buildSettings = {
				ALWAYS_SEARCH_USER_PATHS = NO;
				CLANG_CXX_LANGUAGE_STANDARD = "gnu++0x";
				CLANG_CXX_LIBRARY = "libc++";
				CLANG_ENABLE_MODULES = YES;
				CLANG_ENABLE_OBJC_ARC = YES;
				CLANG_WARN_BOOL_CONVERSION = YES;
				CLANG_WARN_CONSTANT_CONVERSION = YES;
				CLANG_WARN_DIRECT_OBJC_ISA_USAGE = YES_ERROR;
				CLANG_WARN_EMPTY_BODY = YES;
				CLANG_WARN_ENUM_CONVERSION = YES;
				CLANG_WARN_INT_CONVERSION = YES;
				CLANG_WARN_OBJC_ROOT_CLASS = YES_ERROR;
				CLANG_WARN_UNREACHABLE_CODE = YES;
				CLANG_WARN__DUPLICATE_METHOD_MATCH = YES;
				COPY_PHASE_STRIP = YES;
				ENABLE_NS_ASSERTIONS = NO;
				ENABLE_STRICT_OBJC_MSGSEND = YES;
				GCC_C_LANGUAGE_STANDARD = gnu99;
				GCC_WARN_64_TO_32_BIT_CONVERSION = YES;
				GCC_WARN_ABOUT_RETURN_TYPE = YES_ERROR;
				GCC_WARN_UNDECLARED_SELECTOR = YES;
				GCC_WARN_UNINITIALIZED_AUTOS = YES_AGGRESSIVE;
				GCC_WARN_UNUSED_FUNCTION = YES;
				GCC_WARN_UNUSED_VARIABLE = YES;
				IPHONEOS_DEPLOYMENT_TARGET = 7.0;
				MACOSX_DEPLOYMENT_TARGET = 10.9;
				MTL_ENABLE_DEBUG_INFO = NO;
				SDKROOT = iphoneos;
				VALIDATE_PRODUCT = YES;
			};
			name = Release;
		};
		7D4CAEC61A4FF95A003E1281 /* Debug */ = {
			isa = XCBuildConfiguration;
			buildSettings = {
				OTHER_LDFLAGS = "-ObjC";
				PRODUCT_NAME = "$(TARGET_NAME)";
				SKIP_INSTALL = YES;
			};
			name = Debug;
		};
		7D4CAEC71A4FF95A003E1281 /* Release */ = {
			isa = XCBuildConfiguration;
			buildSettings = {
				OTHER_LDFLAGS = "-ObjC";
				PRODUCT_NAME = "$(TARGET_NAME)";
				SKIP_INSTALL = YES;
			};
			name = Release;
		};
		7D4CAEC91A4FF95A003E1281 /* Debug */ = {
			isa = XCBuildConfiguration;
			buildSettings = {
				FRAMEWORK_SEARCH_PATHS = (
					"$(SDKROOT)/Developer/Library/Frameworks",
					"$(inherited)",
				);
				GCC_PREPROCESSOR_DEFINITIONS = (
					"DEBUG=1",
					"$(inherited)",
				);
				INFOPLIST_FILE = VVJSONSchemaValidationTests/Info.plist;
				LD_RUNPATH_SEARCH_PATHS = "$(inherited) @executable_path/Frameworks @loader_path/Frameworks";
				PRODUCT_NAME = "$(TARGET_NAME)";
			};
			name = Debug;
		};
		7D4CAECA1A4FF95A003E1281 /* Release */ = {
			isa = XCBuildConfiguration;
			buildSettings = {
				FRAMEWORK_SEARCH_PATHS = (
					"$(SDKROOT)/Developer/Library/Frameworks",
					"$(inherited)",
				);
				INFOPLIST_FILE = VVJSONSchemaValidationTests/Info.plist;
				LD_RUNPATH_SEARCH_PATHS = "$(inherited) @executable_path/Frameworks @loader_path/Frameworks";
				PRODUCT_NAME = "$(TARGET_NAME)";
			};
			name = Release;
		};
		7D4CAF071A50FA25003E1281 /* Debug */ = {
			isa = XCBuildConfiguration;
			buildSettings = {
				EXECUTABLE_PREFIX = lib;
				GCC_PREPROCESSOR_DEFINITIONS = (
					"DEBUG=1",
					"$(inherited)",
				);
				MACOSX_DEPLOYMENT_TARGET = 10.10;
				PRODUCT_NAME = "$(TARGET_NAME)";
				SDKROOT = macosx;
			};
			name = Debug;
		};
		7D4CAF081A50FA25003E1281 /* Release */ = {
			isa = XCBuildConfiguration;
			buildSettings = {
				DEBUG_INFORMATION_FORMAT = "dwarf-with-dsym";
				EXECUTABLE_PREFIX = lib;
				MACOSX_DEPLOYMENT_TARGET = 10.10;
				PRODUCT_NAME = "$(TARGET_NAME)";
				SDKROOT = macosx;
			};
			name = Release;
		};
/* End XCBuildConfiguration section */

/* Begin XCConfigurationList section */
		7D4CAEAC1A4FF95A003E1281 /* Build configuration list for PBXProject "VVJSONSchemaValidation" */ = {
			isa = XCConfigurationList;
			buildConfigurations = (
				7D4CAEC31A4FF95A003E1281 /* Debug */,
				7D4CAEC41A4FF95A003E1281 /* Release */,
			);
			defaultConfigurationIsVisible = 0;
			defaultConfigurationName = Release;
		};
		7D4CAEC51A4FF95A003E1281 /* Build configuration list for PBXNativeTarget "VVJSONSchemaValidation-iOS" */ = {
			isa = XCConfigurationList;
			buildConfigurations = (
				7D4CAEC61A4FF95A003E1281 /* Debug */,
				7D4CAEC71A4FF95A003E1281 /* Release */,
			);
			defaultConfigurationIsVisible = 0;
		};
		7D4CAEC81A4FF95A003E1281 /* Build configuration list for PBXNativeTarget "VVJSONSchemaValidationTests" */ = {
			isa = XCConfigurationList;
			buildConfigurations = (
				7D4CAEC91A4FF95A003E1281 /* Debug */,
				7D4CAECA1A4FF95A003E1281 /* Release */,
			);
			defaultConfigurationIsVisible = 0;
		};
		7D4CAF061A50FA25003E1281 /* Build configuration list for PBXNativeTarget "VVJSONSchemaValidation-OSX" */ = {
			isa = XCConfigurationList;
			buildConfigurations = (
				7D4CAF071A50FA25003E1281 /* Debug */,
				7D4CAF081A50FA25003E1281 /* Release */,
			);
			defaultConfigurationIsVisible = 0;
		};
/* End XCConfigurationList section */
	};
	rootObject = 7D4CAEA91A4FF95A003E1281 /* Project object */;
}
