// !$*UTF8*$!
{
	archiveVersion = 1;
	classes = {
	};
	objectVersion = 46;
	objects = {

/* Begin PBXBuildFile section */
		7D32BE731A53F1C4009EB554 /* VVJSONSchemaStringValidator.m in Sources */ = {isa = PBXBuildFile; fileRef = 7D32BE721A53F1C4009EB554 /* VVJSONSchemaStringValidator.m */; };
		7D32BE741A540270009EB554 /* VVJSONSchemaStringValidator.m in Sources */ = {isa = PBXBuildFile; fileRef = 7D32BE721A53F1C4009EB554 /* VVJSONSchemaStringValidator.m */; };
		7D32BE751A540270009EB554 /* VVJSONSchemaStringValidator.m in Sources */ = {isa = PBXBuildFile; fileRef = 7D32BE721A53F1C4009EB554 /* VVJSONSchemaStringValidator.m */; };
		7D32BE761A540277009EB554 /* VVJSONSchemaStringValidator.h in Headers */ = {isa = PBXBuildFile; fileRef = 7D32BE711A53F1C4009EB554 /* VVJSONSchemaStringValidator.h */; settings = {ATTRIBUTES = (Private, ); }; };
		7D32BE791A5447A6009EB554 /* VVJSONSchemaArrayValidator.m in Sources */ = {isa = PBXBuildFile; fileRef = 7D32BE781A5447A6009EB554 /* VVJSONSchemaArrayValidator.m */; };
		7D32BE821A5454E6009EB554 /* NSArray+VVJSONComparison.m in Sources */ = {isa = PBXBuildFile; fileRef = 7D32BE811A5454E6009EB554 /* NSArray+VVJSONComparison.m */; };
		7D32BE851A545629009EB554 /* NSDictionary+VVJSONComparison.m in Sources */ = {isa = PBXBuildFile; fileRef = 7D32BE841A545629009EB554 /* NSDictionary+VVJSONComparison.m */; };
		7D32BE891A545BF5009EB554 /* NSObject+VVJSONComparison.m in Sources */ = {isa = PBXBuildFile; fileRef = 7D32BE881A545BF5009EB554 /* NSObject+VVJSONComparison.m */; };
		7D32BE8B1A545EFF009EB554 /* NSObject+VVJSONComparisonTests.m in Sources */ = {isa = PBXBuildFile; fileRef = 7D32BE8A1A545EFF009EB554 /* NSObject+VVJSONComparisonTests.m */; };
		7D32BE8C1A5460D4009EB554 /* NSObject+VVJSONComparison.h in Headers */ = {isa = PBXBuildFile; fileRef = 7D32BE871A545BF5009EB554 /* NSObject+VVJSONComparison.h */; settings = {ATTRIBUTES = (Private, ); }; };
		7D32BE8D1A5460D4009EB554 /* NSArray+VVJSONComparison.h in Headers */ = {isa = PBXBuildFile; fileRef = 7D32BE801A5454E6009EB554 /* NSArray+VVJSONComparison.h */; settings = {ATTRIBUTES = (Private, ); }; };
		7D32BE8E1A5460D4009EB554 /* NSDictionary+VVJSONComparison.h in Headers */ = {isa = PBXBuildFile; fileRef = 7D32BE831A545629009EB554 /* NSDictionary+VVJSONComparison.h */; settings = {ATTRIBUTES = (Private, ); }; };
		7D32BE8F1A5460DB009EB554 /* NSObject+VVJSONComparison.m in Sources */ = {isa = PBXBuildFile; fileRef = 7D32BE881A545BF5009EB554 /* NSObject+VVJSONComparison.m */; };
		7D32BE901A5460DB009EB554 /* NSArray+VVJSONComparison.m in Sources */ = {isa = PBXBuildFile; fileRef = 7D32BE811A5454E6009EB554 /* NSArray+VVJSONComparison.m */; };
		7D32BE911A5460DB009EB554 /* NSDictionary+VVJSONComparison.m in Sources */ = {isa = PBXBuildFile; fileRef = 7D32BE841A545629009EB554 /* NSDictionary+VVJSONComparison.m */; };
		7D32BE921A5460DC009EB554 /* NSObject+VVJSONComparison.m in Sources */ = {isa = PBXBuildFile; fileRef = 7D32BE881A545BF5009EB554 /* NSObject+VVJSONComparison.m */; };
		7D32BE931A5460DC009EB554 /* NSArray+VVJSONComparison.m in Sources */ = {isa = PBXBuildFile; fileRef = 7D32BE811A5454E6009EB554 /* NSArray+VVJSONComparison.m */; };
		7D32BE941A5460DC009EB554 /* NSDictionary+VVJSONComparison.m in Sources */ = {isa = PBXBuildFile; fileRef = 7D32BE841A545629009EB554 /* NSDictionary+VVJSONComparison.m */; };
		7D4CAEBD1A4FF95A003E1281 /* libVVJSONSchemaValidation-iOS.a in Frameworks */ = {isa = PBXBuildFile; fileRef = 7D4CAEB11A4FF95A003E1281 /* libVVJSONSchemaValidation-iOS.a */; };
		7D4CAECD1A4FF9A9003E1281 /* VVJSONSchema.m in Sources */ = {isa = PBXBuildFile; fileRef = 7D4CAECC1A4FF9A9003E1281 /* VVJSONSchema.m */; };
		7D4CAED11A4FF9F0003E1281 /* VVJSONSchemaStore.m in Sources */ = {isa = PBXBuildFile; fileRef = 7D4CAED01A4FF9F0003E1281 /* VVJSONSchemaStore.m */; };
		7D4CAED51A4FFC68003E1281 /* VVJSONSchemaReference.m in Sources */ = {isa = PBXBuildFile; fileRef = 7D4CAED41A4FFC68003E1281 /* VVJSONSchemaReference.m */; };
		7D4CAF0C1A50FA45003E1281 /* VVJSONSchema.m in Sources */ = {isa = PBXBuildFile; fileRef = 7D4CAECC1A4FF9A9003E1281 /* VVJSONSchema.m */; };
		7D4CAF0D1A50FA48003E1281 /* VVJSONSchemaReference.m in Sources */ = {isa = PBXBuildFile; fileRef = 7D4CAED41A4FFC68003E1281 /* VVJSONSchemaReference.m */; };
		7D4CAF0E1A50FA48003E1281 /* VVJSONSchemaStore.m in Sources */ = {isa = PBXBuildFile; fileRef = 7D4CAED01A4FF9F0003E1281 /* VVJSONSchemaStore.m */; };
		7D4CAF111A510053003E1281 /* VVJSONSchemaErrors.m in Sources */ = {isa = PBXBuildFile; fileRef = 7D4CAF101A510053003E1281 /* VVJSONSchemaErrors.m */; };
		7D4CAF121A51005F003E1281 /* VVJSONSchemaErrors.m in Sources */ = {isa = PBXBuildFile; fileRef = 7D4CAF101A510053003E1281 /* VVJSONSchemaErrors.m */; };
		7D4CAF151A5114F1003E1281 /* NSURL+VVJSONReferencing.m in Sources */ = {isa = PBXBuildFile; fileRef = 7D4CAF141A5114F1003E1281 /* NSURL+VVJSONReferencing.m */; };
		7D4CAF161A5114FB003E1281 /* NSURL+VVJSONReferencing.m in Sources */ = {isa = PBXBuildFile; fileRef = 7D4CAF141A5114F1003E1281 /* NSURL+VVJSONReferencing.m */; };
		7D4CAF191A5128C8003E1281 /* VVJSONSchemaFactory.h in Headers */ = {isa = PBXBuildFile; fileRef = 7D4CAF171A5128C8003E1281 /* VVJSONSchemaFactory.h */; settings = {ATTRIBUTES = (Public, ); }; };
		7D4CAF1A1A5128C8003E1281 /* VVJSONSchemaFactory.m in Sources */ = {isa = PBXBuildFile; fileRef = 7D4CAF181A5128C8003E1281 /* VVJSONSchemaFactory.m */; };
		7D4CAF1B1A5128C8003E1281 /* VVJSONSchemaFactory.m in Sources */ = {isa = PBXBuildFile; fileRef = 7D4CAF181A5128C8003E1281 /* VVJSONSchemaFactory.m */; };
		7D4CAF211A512950003E1281 /* VVJSONSchema.h in Headers */ = {isa = PBXBuildFile; fileRef = 7D4CAECB1A4FF9A9003E1281 /* VVJSONSchema.h */; settings = {ATTRIBUTES = (Public, ); }; };
		7D4CAF221A512950003E1281 /* VVJSONSchemaReference.h in Headers */ = {isa = PBXBuildFile; fileRef = 7D4CAED31A4FFC68003E1281 /* VVJSONSchemaReference.h */; settings = {ATTRIBUTES = (Public, ); }; };
		7D4CAF231A512950003E1281 /* VVJSONSchemaStore.h in Headers */ = {isa = PBXBuildFile; fileRef = 7D4CAECF1A4FF9F0003E1281 /* VVJSONSchemaStore.h */; settings = {ATTRIBUTES = (Public, ); }; };
		7D4CAF241A512950003E1281 /* VVJSONSchemaErrors.h in Headers */ = {isa = PBXBuildFile; fileRef = 7D4CAF0F1A510053003E1281 /* VVJSONSchemaErrors.h */; settings = {ATTRIBUTES = (Public, ); }; };
		7D4CAF251A512950003E1281 /* NSURL+VVJSONReferencing.h in Headers */ = {isa = PBXBuildFile; fileRef = 7D4CAF131A5114F1003E1281 /* NSURL+VVJSONReferencing.h */; settings = {ATTRIBUTES = (Private, ); }; };
		7D4CAF2C1A518E0B003E1281 /* VVJSONSchemaTests.m in Sources */ = {isa = PBXBuildFile; fileRef = 7D4CAF2B1A518E0B003E1281 /* VVJSONSchemaTests.m */; };
		7D4CAF2F1A518E87003E1281 /* VVJSONSchemaTestCase.m in Sources */ = {isa = PBXBuildFile; fileRef = 7D4CAF2E1A518E87003E1281 /* VVJSONSchemaTestCase.m */; };
		7D4CAF671A519C17003E1281 /* VVJSONSchema.m in Sources */ = {isa = PBXBuildFile; fileRef = 7D4CAECC1A4FF9A9003E1281 /* VVJSONSchema.m */; };
		7D4CAF681A519C17003E1281 /* VVJSONSchemaReference.m in Sources */ = {isa = PBXBuildFile; fileRef = 7D4CAED41A4FFC68003E1281 /* VVJSONSchemaReference.m */; };
		7D4CAF691A519C17003E1281 /* VVJSONSchemaFactory.m in Sources */ = {isa = PBXBuildFile; fileRef = 7D4CAF181A5128C8003E1281 /* VVJSONSchemaFactory.m */; };
		7D4CAF6A1A519C17003E1281 /* VVJSONSchemaStore.m in Sources */ = {isa = PBXBuildFile; fileRef = 7D4CAED01A4FF9F0003E1281 /* VVJSONSchemaStore.m */; };
		7D4CAF6B1A519C17003E1281 /* VVJSONSchemaErrors.m in Sources */ = {isa = PBXBuildFile; fileRef = 7D4CAF101A510053003E1281 /* VVJSONSchemaErrors.m */; };
		7D4CAF6C1A519C17003E1281 /* NSURL+VVJSONReferencing.m in Sources */ = {isa = PBXBuildFile; fileRef = 7D4CAF141A5114F1003E1281 /* NSURL+VVJSONReferencing.m */; };
		7D4CAF6D1A519C46003E1281 /* VVJSONSchemaValidator.h in Headers */ = {isa = PBXBuildFile; fileRef = 7D4CAECE1A4FF9D6003E1281 /* VVJSONSchemaValidator.h */; settings = {ATTRIBUTES = (Public, ); }; };
		7D4CAF701A519D23003E1281 /* VVJSONSchemaDefinitions.h in Headers */ = {isa = PBXBuildFile; fileRef = 7D4CAF6E1A519D23003E1281 /* VVJSONSchemaDefinitions.h */; settings = {ATTRIBUTES = (Private, ); }; };
		7D4CAF711A519D23003E1281 /* VVJSONSchemaDefinitions.m in Sources */ = {isa = PBXBuildFile; fileRef = 7D4CAF6F1A519D23003E1281 /* VVJSONSchemaDefinitions.m */; };
		7D4CAF721A519D23003E1281 /* VVJSONSchemaDefinitions.m in Sources */ = {isa = PBXBuildFile; fileRef = 7D4CAF6F1A519D23003E1281 /* VVJSONSchemaDefinitions.m */; };
		7D4CAF731A519D23003E1281 /* VVJSONSchemaDefinitions.m in Sources */ = {isa = PBXBuildFile; fileRef = 7D4CAF6F1A519D23003E1281 /* VVJSONSchemaDefinitions.m */; };
		7D4CAF771A51A474003E1281 /* VVJSONSchema+StandardValidators.m in Sources */ = {isa = PBXBuildFile; fileRef = 7D4CAF751A51A474003E1281 /* VVJSONSchema+StandardValidators.m */; };
		7D4CAF781A51A474003E1281 /* VVJSONSchema+StandardValidators.m in Sources */ = {isa = PBXBuildFile; fileRef = 7D4CAF751A51A474003E1281 /* VVJSONSchema+StandardValidators.m */; };
		7D4CAF791A51A474003E1281 /* VVJSONSchema+StandardValidators.m in Sources */ = {isa = PBXBuildFile; fileRef = 7D4CAF751A51A474003E1281 /* VVJSONSchema+StandardValidators.m */; };
		7D4CAF821A51B4C4003E1281 /* NSNumber+VVJSONNumberTypes.h in Headers */ = {isa = PBXBuildFile; fileRef = 7D4CAF801A51B4C4003E1281 /* NSNumber+VVJSONNumberTypes.h */; settings = {ATTRIBUTES = (Private, ); }; };
		7D4CAF831A51B4C4003E1281 /* NSNumber+VVJSONNumberTypes.m in Sources */ = {isa = PBXBuildFile; fileRef = 7D4CAF811A51B4C4003E1281 /* NSNumber+VVJSONNumberTypes.m */; };
		7D4CAF841A51B4C4003E1281 /* NSNumber+VVJSONNumberTypes.m in Sources */ = {isa = PBXBuildFile; fileRef = 7D4CAF811A51B4C4003E1281 /* NSNumber+VVJSONNumberTypes.m */; };
		7D4CAF851A51B4C4003E1281 /* NSNumber+VVJSONNumberTypes.m in Sources */ = {isa = PBXBuildFile; fileRef = 7D4CAF811A51B4C4003E1281 /* NSNumber+VVJSONNumberTypes.m */; };
		7D4CAF891A51BAB3003E1281 /* NSNumber+VVJSONNumberTypesTests.m in Sources */ = {isa = PBXBuildFile; fileRef = 7D4CAF881A51BAB3003E1281 /* NSNumber+VVJSONNumberTypesTests.m */; };
		7D4CB09F1A51C060003E1281 /* VVJSONSchemaNumericValidator.h in Headers */ = {isa = PBXBuildFile; fileRef = 7D4CB09D1A51C060003E1281 /* VVJSONSchemaNumericValidator.h */; settings = {ATTRIBUTES = (Private, ); }; };
		7D4CB0A01A51C060003E1281 /* VVJSONSchemaNumericValidator.m in Sources */ = {isa = PBXBuildFile; fileRef = 7D4CB09E1A51C060003E1281 /* VVJSONSchemaNumericValidator.m */; };
		7D4CB0A11A51C060003E1281 /* VVJSONSchemaNumericValidator.m in Sources */ = {isa = PBXBuildFile; fileRef = 7D4CB09E1A51C060003E1281 /* VVJSONSchemaNumericValidator.m */; };
		7D4CB0A21A51C060003E1281 /* VVJSONSchemaNumericValidator.m in Sources */ = {isa = PBXBuildFile; fileRef = 7D4CB09E1A51C060003E1281 /* VVJSONSchemaNumericValidator.m */; };
		7D4CB0A51A52B268003E1281 /* VVJSONSchemaTypeValidator.h in Headers */ = {isa = PBXBuildFile; fileRef = 7D4CB0A31A52B268003E1281 /* VVJSONSchemaTypeValidator.h */; settings = {ATTRIBUTES = (Private, ); }; };
		7D4CB0A61A52B268003E1281 /* VVJSONSchemaTypeValidator.m in Sources */ = {isa = PBXBuildFile; fileRef = 7D4CB0A41A52B268003E1281 /* VVJSONSchemaTypeValidator.m */; };
		7D4CB0A71A52B268003E1281 /* VVJSONSchemaTypeValidator.m in Sources */ = {isa = PBXBuildFile; fileRef = 7D4CB0A41A52B268003E1281 /* VVJSONSchemaTypeValidator.m */; };
		7D4CB0A81A52B268003E1281 /* VVJSONSchemaTypeValidator.m in Sources */ = {isa = PBXBuildFile; fileRef = 7D4CB0A41A52B268003E1281 /* VVJSONSchemaTypeValidator.m */; };
		7D4CB0AB1A52F200003E1281 /* VVJSONSchemaEnumValidator.h in Headers */ = {isa = PBXBuildFile; fileRef = 7D4CB0A91A52F200003E1281 /* VVJSONSchemaEnumValidator.h */; settings = {ATTRIBUTES = (Private, ); }; };
		7D4CB0AC1A52F200003E1281 /* VVJSONSchemaEnumValidator.m in Sources */ = {isa = PBXBuildFile; fileRef = 7D4CB0AA1A52F200003E1281 /* VVJSONSchemaEnumValidator.m */; };
		7D4CB0AD1A52F200003E1281 /* VVJSONSchemaEnumValidator.m in Sources */ = {isa = PBXBuildFile; fileRef = 7D4CB0AA1A52F200003E1281 /* VVJSONSchemaEnumValidator.m */; };
		7D4CB0AE1A52F200003E1281 /* VVJSONSchemaEnumValidator.m in Sources */ = {isa = PBXBuildFile; fileRef = 7D4CB0AA1A52F200003E1281 /* VVJSONSchemaEnumValidator.m */; };
		7DF695C51A5515DF00739238 /* VVJSONSchemaArrayItemsValidator.m in Sources */ = {isa = PBXBuildFile; fileRef = 7DF695C41A5515DF00739238 /* VVJSONSchemaArrayItemsValidator.m */; };
		7DF695C61A5515E200739238 /* VVJSONSchemaArrayItemsValidator.h in Headers */ = {isa = PBXBuildFile; fileRef = 7DF695C31A5515DF00739238 /* VVJSONSchemaArrayItemsValidator.h */; settings = {ATTRIBUTES = (Private, ); }; };
		7DF695C71A5515E500739238 /* VVJSONSchemaArrayItemsValidator.m in Sources */ = {isa = PBXBuildFile; fileRef = 7DF695C41A5515DF00739238 /* VVJSONSchemaArrayItemsValidator.m */; };
		7DF695C81A5515E600739238 /* VVJSONSchemaArrayItemsValidator.m in Sources */ = {isa = PBXBuildFile; fileRef = 7DF695C41A5515DF00739238 /* VVJSONSchemaArrayItemsValidator.m */; };
		7DF695E31A553C6900739238 /* additionalItems.json in Resources */ = {isa = PBXBuildFile; fileRef = 7DF695CA1A553C6900739238 /* additionalItems.json */; };
		7DF695E41A553C6900739238 /* additionalProperties.json in Resources */ = {isa = PBXBuildFile; fileRef = 7DF695CB1A553C6900739238 /* additionalProperties.json */; };
		7DF695E51A553C6900739238 /* allOf.json in Resources */ = {isa = PBXBuildFile; fileRef = 7DF695CC1A553C6900739238 /* allOf.json */; };
		7DF695E61A553C6900739238 /* anyOf.json in Resources */ = {isa = PBXBuildFile; fileRef = 7DF695CD1A553C6900739238 /* anyOf.json */; };
		7DF695E71A553C6900739238 /* dependencies.json in Resources */ = {isa = PBXBuildFile; fileRef = 7DF695CE1A553C6900739238 /* dependencies.json */; };
		7DF695E81A553C6900739238 /* enum.json in Resources */ = {isa = PBXBuildFile; fileRef = 7DF695CF1A553C6900739238 /* enum.json */; };
		7DF695E91A553C6900739238 /* items.json in Resources */ = {isa = PBXBuildFile; fileRef = 7DF695D01A553C6900739238 /* items.json */; };
		7DF695EA1A553C6900739238 /* maximum.json in Resources */ = {isa = PBXBuildFile; fileRef = 7DF695D11A553C6900739238 /* maximum.json */; };
		7DF695EB1A553C6900739238 /* maxItems.json in Resources */ = {isa = PBXBuildFile; fileRef = 7DF695D21A553C6900739238 /* maxItems.json */; };
		7DF695EC1A553C6900739238 /* maxLength.json in Resources */ = {isa = PBXBuildFile; fileRef = 7DF695D31A553C6900739238 /* maxLength.json */; };
		7DF695ED1A553C6900739238 /* maxProperties.json in Resources */ = {isa = PBXBuildFile; fileRef = 7DF695D41A553C6900739238 /* maxProperties.json */; };
		7DF695EE1A553C6900739238 /* minimum.json in Resources */ = {isa = PBXBuildFile; fileRef = 7DF695D51A553C6900739238 /* minimum.json */; };
		7DF695EF1A553C6900739238 /* minItems.json in Resources */ = {isa = PBXBuildFile; fileRef = 7DF695D61A553C6900739238 /* minItems.json */; };
		7DF695F01A553C6900739238 /* minLength.json in Resources */ = {isa = PBXBuildFile; fileRef = 7DF695D71A553C6900739238 /* minLength.json */; };
		7DF695F11A553C6900739238 /* minProperties.json in Resources */ = {isa = PBXBuildFile; fileRef = 7DF695D81A553C6900739238 /* minProperties.json */; };
		7DF695F21A553C6900739238 /* multipleOf.json in Resources */ = {isa = PBXBuildFile; fileRef = 7DF695D91A553C6900739238 /* multipleOf.json */; };
		7DF695F31A553C6900739238 /* not.json in Resources */ = {isa = PBXBuildFile; fileRef = 7DF695DA1A553C6900739238 /* not.json */; };
		7DF695F41A553C6900739238 /* oneOf.json in Resources */ = {isa = PBXBuildFile; fileRef = 7DF695DB1A553C6900739238 /* oneOf.json */; };
		7DF695F51A553C6900739238 /* pattern.json in Resources */ = {isa = PBXBuildFile; fileRef = 7DF695DC1A553C6900739238 /* pattern.json */; };
		7DF695F61A553C6900739238 /* patternProperties.json in Resources */ = {isa = PBXBuildFile; fileRef = 7DF695DD1A553C6900739238 /* patternProperties.json */; };
		7DF695F71A553C6900739238 /* properties.json in Resources */ = {isa = PBXBuildFile; fileRef = 7DF695DE1A553C6900739238 /* properties.json */; };
		7DF695F81A553C6900739238 /* ref.json in Resources */ = {isa = PBXBuildFile; fileRef = 7DF695DF1A553C6900739238 /* ref.json */; };
		7DF695F91A553C6900739238 /* required.json in Resources */ = {isa = PBXBuildFile; fileRef = 7DF695E01A553C6900739238 /* required.json */; };
		7DF695FA1A553C6900739238 /* type.json in Resources */ = {isa = PBXBuildFile; fileRef = 7DF695E11A553C6900739238 /* type.json */; };
		7DF695FB1A553C6900739238 /* uniqueItems.json in Resources */ = {isa = PBXBuildFile; fileRef = 7DF695E21A553C6900739238 /* uniqueItems.json */; };
		7DF695FE1A553F6E00739238 /* VVJSONSchemaObjectValidator.h in Headers */ = {isa = PBXBuildFile; fileRef = 7DF695FC1A553F6E00739238 /* VVJSONSchemaObjectValidator.h */; settings = {ATTRIBUTES = (Private, ); }; };
		7DF695FF1A553F6E00739238 /* VVJSONSchemaObjectValidator.m in Sources */ = {isa = PBXBuildFile; fileRef = 7DF695FD1A553F6E00739238 /* VVJSONSchemaObjectValidator.m */; };
		7DF696001A553F6E00739238 /* VVJSONSchemaObjectValidator.m in Sources */ = {isa = PBXBuildFile; fileRef = 7DF695FD1A553F6E00739238 /* VVJSONSchemaObjectValidator.m */; };
		7DF696011A553F6E00739238 /* VVJSONSchemaObjectValidator.m in Sources */ = {isa = PBXBuildFile; fileRef = 7DF695FD1A553F6E00739238 /* VVJSONSchemaObjectValidator.m */; };
		7DF6960A1A555DA400739238 /* VVJSONSchemaDependenciesValidator.h in Headers */ = {isa = PBXBuildFile; fileRef = 7DF696081A555DA400739238 /* VVJSONSchemaDependenciesValidator.h */; };
		7DF6960B1A555DA400739238 /* VVJSONSchemaDependenciesValidator.m in Sources */ = {isa = PBXBuildFile; fileRef = 7DF696091A555DA400739238 /* VVJSONSchemaDependenciesValidator.m */; };
		7DF6960C1A555DA400739238 /* VVJSONSchemaDependenciesValidator.m in Sources */ = {isa = PBXBuildFile; fileRef = 7DF696091A555DA400739238 /* VVJSONSchemaDependenciesValidator.m */; };
		7DF6960D1A555DA400739238 /* VVJSONSchemaDependenciesValidator.m in Sources */ = {isa = PBXBuildFile; fileRef = 7DF696091A555DA400739238 /* VVJSONSchemaDependenciesValidator.m */; };
/* End PBXBuildFile section */

/* Begin PBXContainerItemProxy section */
		7D4CAEBE1A4FF95A003E1281 /* PBXContainerItemProxy */ = {
			isa = PBXContainerItemProxy;
			containerPortal = 7D4CAEA91A4FF95A003E1281 /* Project object */;
			proxyType = 1;
			remoteGlobalIDString = 7D4CAEB01A4FF95A003E1281;
			remoteInfo = VVJSONSchemaValidation;
		};
/* End PBXContainerItemProxy section */

/* Begin PBXCopyFilesBuildPhase section */
		7D4CAEAF1A4FF95A003E1281 /* CopyFiles */ = {
			isa = PBXCopyFilesBuildPhase;
			buildActionMask = 2147483647;
			dstPath = "include/$(PRODUCT_NAME)";
			dstSubfolderSpec = 16;
			files = (
			);
			runOnlyForDeploymentPostprocessing = 0;
		};
/* End PBXCopyFilesBuildPhase section */

/* Begin PBXFileReference section */
		7D32BE711A53F1C4009EB554 /* VVJSONSchemaStringValidator.h */ = {isa = PBXFileReference; fileEncoding = 4; lastKnownFileType = sourcecode.c.h; path = VVJSONSchemaStringValidator.h; sourceTree = "<group>"; };
		7D32BE721A53F1C4009EB554 /* VVJSONSchemaStringValidator.m */ = {isa = PBXFileReference; fileEncoding = 4; lastKnownFileType = sourcecode.c.objc; path = VVJSONSchemaStringValidator.m; sourceTree = "<group>"; };
		7D32BE771A5447A6009EB554 /* VVJSONSchemaArrayValidator.h */ = {isa = PBXFileReference; fileEncoding = 4; lastKnownFileType = sourcecode.c.h; path = VVJSONSchemaArrayValidator.h; sourceTree = "<group>"; };
		7D32BE781A5447A6009EB554 /* VVJSONSchemaArrayValidator.m */ = {isa = PBXFileReference; fileEncoding = 4; lastKnownFileType = sourcecode.c.objc; path = VVJSONSchemaArrayValidator.m; sourceTree = "<group>"; };
		7D32BE801A5454E6009EB554 /* NSArray+VVJSONComparison.h */ = {isa = PBXFileReference; fileEncoding = 4; lastKnownFileType = sourcecode.c.h; path = "NSArray+VVJSONComparison.h"; sourceTree = "<group>"; };
		7D32BE811A5454E6009EB554 /* NSArray+VVJSONComparison.m */ = {isa = PBXFileReference; fileEncoding = 4; lastKnownFileType = sourcecode.c.objc; path = "NSArray+VVJSONComparison.m"; sourceTree = "<group>"; };
		7D32BE831A545629009EB554 /* NSDictionary+VVJSONComparison.h */ = {isa = PBXFileReference; fileEncoding = 4; lastKnownFileType = sourcecode.c.h; path = "NSDictionary+VVJSONComparison.h"; sourceTree = "<group>"; };
		7D32BE841A545629009EB554 /* NSDictionary+VVJSONComparison.m */ = {isa = PBXFileReference; fileEncoding = 4; lastKnownFileType = sourcecode.c.objc; path = "NSDictionary+VVJSONComparison.m"; sourceTree = "<group>"; };
		7D32BE871A545BF5009EB554 /* NSObject+VVJSONComparison.h */ = {isa = PBXFileReference; fileEncoding = 4; lastKnownFileType = sourcecode.c.h; path = "NSObject+VVJSONComparison.h"; sourceTree = "<group>"; };
		7D32BE881A545BF5009EB554 /* NSObject+VVJSONComparison.m */ = {isa = PBXFileReference; fileEncoding = 4; lastKnownFileType = sourcecode.c.objc; path = "NSObject+VVJSONComparison.m"; sourceTree = "<group>"; };
		7D32BE8A1A545EFF009EB554 /* NSObject+VVJSONComparisonTests.m */ = {isa = PBXFileReference; fileEncoding = 4; lastKnownFileType = sourcecode.c.objc; path = "NSObject+VVJSONComparisonTests.m"; sourceTree = "<group>"; };
		7D4CAEB11A4FF95A003E1281 /* libVVJSONSchemaValidation-iOS.a */ = {isa = PBXFileReference; explicitFileType = archive.ar; includeInIndex = 0; path = "libVVJSONSchemaValidation-iOS.a"; sourceTree = BUILT_PRODUCTS_DIR; };
		7D4CAEBC1A4FF95A003E1281 /* VVJSONSchemaValidationTests.xctest */ = {isa = PBXFileReference; explicitFileType = wrapper.cfbundle; includeInIndex = 0; path = VVJSONSchemaValidationTests.xctest; sourceTree = BUILT_PRODUCTS_DIR; };
		7D4CAEC21A4FF95A003E1281 /* Info.plist */ = {isa = PBXFileReference; lastKnownFileType = text.plist.xml; path = Info.plist; sourceTree = "<group>"; };
		7D4CAECB1A4FF9A9003E1281 /* VVJSONSchema.h */ = {isa = PBXFileReference; fileEncoding = 4; lastKnownFileType = sourcecode.c.h; path = VVJSONSchema.h; sourceTree = "<group>"; };
		7D4CAECC1A4FF9A9003E1281 /* VVJSONSchema.m */ = {isa = PBXFileReference; fileEncoding = 4; lastKnownFileType = sourcecode.c.objc; path = VVJSONSchema.m; sourceTree = "<group>"; };
		7D4CAECE1A4FF9D6003E1281 /* VVJSONSchemaValidator.h */ = {isa = PBXFileReference; fileEncoding = 4; lastKnownFileType = sourcecode.c.h; path = VVJSONSchemaValidator.h; sourceTree = "<group>"; };
		7D4CAECF1A4FF9F0003E1281 /* VVJSONSchemaStore.h */ = {isa = PBXFileReference; fileEncoding = 4; lastKnownFileType = sourcecode.c.h; path = VVJSONSchemaStore.h; sourceTree = "<group>"; };
		7D4CAED01A4FF9F0003E1281 /* VVJSONSchemaStore.m */ = {isa = PBXFileReference; fileEncoding = 4; lastKnownFileType = sourcecode.c.objc; path = VVJSONSchemaStore.m; sourceTree = "<group>"; };
		7D4CAED31A4FFC68003E1281 /* VVJSONSchemaReference.h */ = {isa = PBXFileReference; fileEncoding = 4; lastKnownFileType = sourcecode.c.h; path = VVJSONSchemaReference.h; sourceTree = "<group>"; };
		7D4CAED41A4FFC68003E1281 /* VVJSONSchemaReference.m */ = {isa = PBXFileReference; fileEncoding = 4; lastKnownFileType = sourcecode.c.objc; path = VVJSONSchemaReference.m; sourceTree = "<group>"; };
		7D4CAEF51A50FA24003E1281 /* libVVJSONSchemaValidation-OSX.a */ = {isa = PBXFileReference; explicitFileType = archive.ar; includeInIndex = 0; path = "libVVJSONSchemaValidation-OSX.a"; sourceTree = BUILT_PRODUCTS_DIR; };
		7D4CAF0F1A510053003E1281 /* VVJSONSchemaErrors.h */ = {isa = PBXFileReference; fileEncoding = 4; lastKnownFileType = sourcecode.c.h; path = VVJSONSchemaErrors.h; sourceTree = "<group>"; };
		7D4CAF101A510053003E1281 /* VVJSONSchemaErrors.m */ = {isa = PBXFileReference; fileEncoding = 4; lastKnownFileType = sourcecode.c.objc; path = VVJSONSchemaErrors.m; sourceTree = "<group>"; };
		7D4CAF131A5114F1003E1281 /* NSURL+VVJSONReferencing.h */ = {isa = PBXFileReference; fileEncoding = 4; lastKnownFileType = sourcecode.c.h; path = "NSURL+VVJSONReferencing.h"; sourceTree = "<group>"; };
		7D4CAF141A5114F1003E1281 /* NSURL+VVJSONReferencing.m */ = {isa = PBXFileReference; fileEncoding = 4; lastKnownFileType = sourcecode.c.objc; path = "NSURL+VVJSONReferencing.m"; sourceTree = "<group>"; };
		7D4CAF171A5128C8003E1281 /* VVJSONSchemaFactory.h */ = {isa = PBXFileReference; fileEncoding = 4; lastKnownFileType = sourcecode.c.h; path = VVJSONSchemaFactory.h; sourceTree = "<group>"; };
		7D4CAF181A5128C8003E1281 /* VVJSONSchemaFactory.m */ = {isa = PBXFileReference; fileEncoding = 4; lastKnownFileType = sourcecode.c.objc; path = VVJSONSchemaFactory.m; sourceTree = "<group>"; };
		7D4CAF2B1A518E0B003E1281 /* VVJSONSchemaTests.m */ = {isa = PBXFileReference; fileEncoding = 4; lastKnownFileType = sourcecode.c.objc; path = VVJSONSchemaTests.m; sourceTree = "<group>"; };
		7D4CAF2D1A518E87003E1281 /* VVJSONSchemaTestCase.h */ = {isa = PBXFileReference; fileEncoding = 4; lastKnownFileType = sourcecode.c.h; path = VVJSONSchemaTestCase.h; sourceTree = "<group>"; };
		7D4CAF2E1A518E87003E1281 /* VVJSONSchemaTestCase.m */ = {isa = PBXFileReference; fileEncoding = 4; lastKnownFileType = sourcecode.c.objc; path = VVJSONSchemaTestCase.m; sourceTree = "<group>"; };
		7D4CAF6E1A519D23003E1281 /* VVJSONSchemaDefinitions.h */ = {isa = PBXFileReference; fileEncoding = 4; lastKnownFileType = sourcecode.c.h; path = VVJSONSchemaDefinitions.h; sourceTree = "<group>"; };
		7D4CAF6F1A519D23003E1281 /* VVJSONSchemaDefinitions.m */ = {isa = PBXFileReference; fileEncoding = 4; lastKnownFileType = sourcecode.c.objc; path = VVJSONSchemaDefinitions.m; sourceTree = "<group>"; };
		7D4CAF751A51A474003E1281 /* VVJSONSchema+StandardValidators.m */ = {isa = PBXFileReference; fileEncoding = 4; lastKnownFileType = sourcecode.c.objc; path = "VVJSONSchema+StandardValidators.m"; sourceTree = "<group>"; };
		7D4CAF801A51B4C4003E1281 /* NSNumber+VVJSONNumberTypes.h */ = {isa = PBXFileReference; fileEncoding = 4; lastKnownFileType = sourcecode.c.h; path = "NSNumber+VVJSONNumberTypes.h"; sourceTree = "<group>"; };
		7D4CAF811A51B4C4003E1281 /* NSNumber+VVJSONNumberTypes.m */ = {isa = PBXFileReference; fileEncoding = 4; lastKnownFileType = sourcecode.c.objc; path = "NSNumber+VVJSONNumberTypes.m"; sourceTree = "<group>"; };
		7D4CAF881A51BAB3003E1281 /* NSNumber+VVJSONNumberTypesTests.m */ = {isa = PBXFileReference; fileEncoding = 4; lastKnownFileType = sourcecode.c.objc; path = "NSNumber+VVJSONNumberTypesTests.m"; sourceTree = "<group>"; };
		7D4CB09D1A51C060003E1281 /* VVJSONSchemaNumericValidator.h */ = {isa = PBXFileReference; fileEncoding = 4; lastKnownFileType = sourcecode.c.h; path = VVJSONSchemaNumericValidator.h; sourceTree = "<group>"; };
		7D4CB09E1A51C060003E1281 /* VVJSONSchemaNumericValidator.m */ = {isa = PBXFileReference; fileEncoding = 4; lastKnownFileType = sourcecode.c.objc; path = VVJSONSchemaNumericValidator.m; sourceTree = "<group>"; };
		7D4CB0A31A52B268003E1281 /* VVJSONSchemaTypeValidator.h */ = {isa = PBXFileReference; fileEncoding = 4; lastKnownFileType = sourcecode.c.h; path = VVJSONSchemaTypeValidator.h; sourceTree = "<group>"; };
		7D4CB0A41A52B268003E1281 /* VVJSONSchemaTypeValidator.m */ = {isa = PBXFileReference; fileEncoding = 4; lastKnownFileType = sourcecode.c.objc; path = VVJSONSchemaTypeValidator.m; sourceTree = "<group>"; };
		7D4CB0A91A52F200003E1281 /* VVJSONSchemaEnumValidator.h */ = {isa = PBXFileReference; fileEncoding = 4; lastKnownFileType = sourcecode.c.h; path = VVJSONSchemaEnumValidator.h; sourceTree = "<group>"; };
		7D4CB0AA1A52F200003E1281 /* VVJSONSchemaEnumValidator.m */ = {isa = PBXFileReference; fileEncoding = 4; lastKnownFileType = sourcecode.c.objc; path = VVJSONSchemaEnumValidator.m; sourceTree = "<group>"; };
		7DF695C31A5515DF00739238 /* VVJSONSchemaArrayItemsValidator.h */ = {isa = PBXFileReference; fileEncoding = 4; lastKnownFileType = sourcecode.c.h; path = VVJSONSchemaArrayItemsValidator.h; sourceTree = "<group>"; };
		7DF695C41A5515DF00739238 /* VVJSONSchemaArrayItemsValidator.m */ = {isa = PBXFileReference; fileEncoding = 4; lastKnownFileType = sourcecode.c.objc; path = VVJSONSchemaArrayItemsValidator.m; sourceTree = "<group>"; };
		7DF695CA1A553C6900739238 /* additionalItems.json */ = {isa = PBXFileReference; fileEncoding = 4; lastKnownFileType = text.json; path = additionalItems.json; sourceTree = "<group>"; };
		7DF695CB1A553C6900739238 /* additionalProperties.json */ = {isa = PBXFileReference; fileEncoding = 4; lastKnownFileType = text.json; path = additionalProperties.json; sourceTree = "<group>"; };
		7DF695CC1A553C6900739238 /* allOf.json */ = {isa = PBXFileReference; fileEncoding = 4; lastKnownFileType = text.json; path = allOf.json; sourceTree = "<group>"; };
		7DF695CD1A553C6900739238 /* anyOf.json */ = {isa = PBXFileReference; fileEncoding = 4; lastKnownFileType = text.json; path = anyOf.json; sourceTree = "<group>"; };
		7DF695CE1A553C6900739238 /* dependencies.json */ = {isa = PBXFileReference; fileEncoding = 4; lastKnownFileType = text.json; path = dependencies.json; sourceTree = "<group>"; };
		7DF695CF1A553C6900739238 /* enum.json */ = {isa = PBXFileReference; fileEncoding = 4; lastKnownFileType = text.json; path = enum.json; sourceTree = "<group>"; };
		7DF695D01A553C6900739238 /* items.json */ = {isa = PBXFileReference; fileEncoding = 4; lastKnownFileType = text.json; path = items.json; sourceTree = "<group>"; };
		7DF695D11A553C6900739238 /* maximum.json */ = {isa = PBXFileReference; fileEncoding = 4; lastKnownFileType = text.json; path = maximum.json; sourceTree = "<group>"; };
		7DF695D21A553C6900739238 /* maxItems.json */ = {isa = PBXFileReference; fileEncoding = 4; lastKnownFileType = text.json; path = maxItems.json; sourceTree = "<group>"; };
		7DF695D31A553C6900739238 /* maxLength.json */ = {isa = PBXFileReference; fileEncoding = 4; lastKnownFileType = text.json; path = maxLength.json; sourceTree = "<group>"; };
		7DF695D41A553C6900739238 /* maxProperties.json */ = {isa = PBXFileReference; fileEncoding = 4; lastKnownFileType = text.json; path = maxProperties.json; sourceTree = "<group>"; };
		7DF695D51A553C6900739238 /* minimum.json */ = {isa = PBXFileReference; fileEncoding = 4; lastKnownFileType = text.json; path = minimum.json; sourceTree = "<group>"; };
		7DF695D61A553C6900739238 /* minItems.json */ = {isa = PBXFileReference; fileEncoding = 4; lastKnownFileType = text.json; path = minItems.json; sourceTree = "<group>"; };
		7DF695D71A553C6900739238 /* minLength.json */ = {isa = PBXFileReference; fileEncoding = 4; lastKnownFileType = text.json; path = minLength.json; sourceTree = "<group>"; };
		7DF695D81A553C6900739238 /* minProperties.json */ = {isa = PBXFileReference; fileEncoding = 4; lastKnownFileType = text.json; path = minProperties.json; sourceTree = "<group>"; };
		7DF695D91A553C6900739238 /* multipleOf.json */ = {isa = PBXFileReference; fileEncoding = 4; lastKnownFileType = text.json; path = multipleOf.json; sourceTree = "<group>"; };
		7DF695DA1A553C6900739238 /* not.json */ = {isa = PBXFileReference; fileEncoding = 4; lastKnownFileType = text.json; path = not.json; sourceTree = "<group>"; };
		7DF695DB1A553C6900739238 /* oneOf.json */ = {isa = PBXFileReference; fileEncoding = 4; lastKnownFileType = text.json; path = oneOf.json; sourceTree = "<group>"; };
		7DF695DC1A553C6900739238 /* pattern.json */ = {isa = PBXFileReference; fileEncoding = 4; lastKnownFileType = text.json; path = pattern.json; sourceTree = "<group>"; };
		7DF695DD1A553C6900739238 /* patternProperties.json */ = {isa = PBXFileReference; fileEncoding = 4; lastKnownFileType = text.json; path = patternProperties.json; sourceTree = "<group>"; };
		7DF695DE1A553C6900739238 /* properties.json */ = {isa = PBXFileReference; fileEncoding = 4; lastKnownFileType = text.json; path = properties.json; sourceTree = "<group>"; };
		7DF695DF1A553C6900739238 /* ref.json */ = {isa = PBXFileReference; fileEncoding = 4; lastKnownFileType = text.json; path = ref.json; sourceTree = "<group>"; };
		7DF695E01A553C6900739238 /* required.json */ = {isa = PBXFileReference; fileEncoding = 4; lastKnownFileType = text.json; path = required.json; sourceTree = "<group>"; };
		7DF695E11A553C6900739238 /* type.json */ = {isa = PBXFileReference; fileEncoding = 4; lastKnownFileType = text.json; path = type.json; sourceTree = "<group>"; };
		7DF695E21A553C6900739238 /* uniqueItems.json */ = {isa = PBXFileReference; fileEncoding = 4; lastKnownFileType = text.json; path = uniqueItems.json; sourceTree = "<group>"; };
		7DF695FC1A553F6E00739238 /* VVJSONSchemaObjectValidator.h */ = {isa = PBXFileReference; fileEncoding = 4; lastKnownFileType = sourcecode.c.h; path = VVJSONSchemaObjectValidator.h; sourceTree = "<group>"; };
		7DF695FD1A553F6E00739238 /* VVJSONSchemaObjectValidator.m */ = {isa = PBXFileReference; fileEncoding = 4; lastKnownFileType = sourcecode.c.objc; path = VVJSONSchemaObjectValidator.m; sourceTree = "<group>"; };
		7DF696081A555DA400739238 /* VVJSONSchemaDependenciesValidator.h */ = {isa = PBXFileReference; fileEncoding = 4; lastKnownFileType = sourcecode.c.h; path = VVJSONSchemaDependenciesValidator.h; sourceTree = "<group>"; };
		7DF696091A555DA400739238 /* VVJSONSchemaDependenciesValidator.m */ = {isa = PBXFileReference; fileEncoding = 4; lastKnownFileType = sourcecode.c.objc; path = VVJSONSchemaDependenciesValidator.m; sourceTree = "<group>"; };
/* End PBXFileReference section */

/* Begin PBXFrameworksBuildPhase section */
		7D4CAEAE1A4FF95A003E1281 /* Frameworks */ = {
			isa = PBXFrameworksBuildPhase;
			buildActionMask = 2147483647;
			files = (
			);
			runOnlyForDeploymentPostprocessing = 0;
		};
		7D4CAEB91A4FF95A003E1281 /* Frameworks */ = {
			isa = PBXFrameworksBuildPhase;
			buildActionMask = 2147483647;
			files = (
				7D4CAEBD1A4FF95A003E1281 /* libVVJSONSchemaValidation-iOS.a in Frameworks */,
			);
			runOnlyForDeploymentPostprocessing = 0;
		};
		7D4CAEF21A50FA24003E1281 /* Frameworks */ = {
			isa = PBXFrameworksBuildPhase;
			buildActionMask = 2147483647;
			files = (
			);
			runOnlyForDeploymentPostprocessing = 0;
		};
/* End PBXFrameworksBuildPhase section */

/* Begin PBXGroup section */
		7D32BE861A54562E009EB554 /* Categories */ = {
			isa = PBXGroup;
			children = (
				7D4CAF131A5114F1003E1281 /* NSURL+VVJSONReferencing.h */,
				7D4CAF141A5114F1003E1281 /* NSURL+VVJSONReferencing.m */,
				7D4CAF801A51B4C4003E1281 /* NSNumber+VVJSONNumberTypes.h */,
				7D4CAF811A51B4C4003E1281 /* NSNumber+VVJSONNumberTypes.m */,
				7D32BE871A545BF5009EB554 /* NSObject+VVJSONComparison.h */,
				7D32BE881A545BF5009EB554 /* NSObject+VVJSONComparison.m */,
				7D32BE801A5454E6009EB554 /* NSArray+VVJSONComparison.h */,
				7D32BE811A5454E6009EB554 /* NSArray+VVJSONComparison.m */,
				7D32BE831A545629009EB554 /* NSDictionary+VVJSONComparison.h */,
				7D32BE841A545629009EB554 /* NSDictionary+VVJSONComparison.m */,
			);
			name = Categories;
			sourceTree = "<group>";
		};
		7D4CAEA81A4FF95A003E1281 = {
			isa = PBXGroup;
			children = (
				7D4CAEB31A4FF95A003E1281 /* VVJSONSchemaValidation */,
				7D4CAEC01A4FF95A003E1281 /* VVJSONSchemaValidationTests */,
				7D4CAEB21A4FF95A003E1281 /* Products */,
			);
			sourceTree = "<group>";
		};
		7D4CAEB21A4FF95A003E1281 /* Products */ = {
			isa = PBXGroup;
			children = (
				7D4CAEB11A4FF95A003E1281 /* libVVJSONSchemaValidation-iOS.a */,
				7D4CAEBC1A4FF95A003E1281 /* VVJSONSchemaValidationTests.xctest */,
				7D4CAEF51A50FA24003E1281 /* libVVJSONSchemaValidation-OSX.a */,
			);
			name = Products;
			sourceTree = "<group>";
		};
		7D4CAEB31A4FF95A003E1281 /* VVJSONSchemaValidation */ = {
			isa = PBXGroup;
			children = (
				7D4CAED21A4FF9FC003E1281 /* Validators */,
				7D32BE861A54562E009EB554 /* Categories */,
				7D4CAECB1A4FF9A9003E1281 /* VVJSONSchema.h */,
				7D4CAECC1A4FF9A9003E1281 /* VVJSONSchema.m */,
				7D4CAED31A4FFC68003E1281 /* VVJSONSchemaReference.h */,
				7D4CAED41A4FFC68003E1281 /* VVJSONSchemaReference.m */,
				7D4CAF171A5128C8003E1281 /* VVJSONSchemaFactory.h */,
				7D4CAF181A5128C8003E1281 /* VVJSONSchemaFactory.m */,
				7D4CAECF1A4FF9F0003E1281 /* VVJSONSchemaStore.h */,
				7D4CAED01A4FF9F0003E1281 /* VVJSONSchemaStore.m */,
				7D4CAECE1A4FF9D6003E1281 /* VVJSONSchemaValidator.h */,
				7D4CAF0F1A510053003E1281 /* VVJSONSchemaErrors.h */,
				7D4CAF101A510053003E1281 /* VVJSONSchemaErrors.m */,
			);
			path = VVJSONSchemaValidation;
			sourceTree = "<group>";
		};
		7D4CAEC01A4FF95A003E1281 /* VVJSONSchemaValidationTests */ = {
			isa = PBXGroup;
			children = (
				7D4CAF2B1A518E0B003E1281 /* VVJSONSchemaTests.m */,
				7D4CAF2D1A518E87003E1281 /* VVJSONSchemaTestCase.h */,
				7D4CAF2E1A518E87003E1281 /* VVJSONSchemaTestCase.m */,
				7D4CAF881A51BAB3003E1281 /* NSNumber+VVJSONNumberTypesTests.m */,
				7D32BE8A1A545EFF009EB554 /* NSObject+VVJSONComparisonTests.m */,
				7DF695C91A553C6900739238 /* Test Suite JSONs */,
				7D4CAEC11A4FF95A003E1281 /* Supporting Files */,
			);
			path = VVJSONSchemaValidationTests;
			sourceTree = "<group>";
		};
		7D4CAEC11A4FF95A003E1281 /* Supporting Files */ = {
			isa = PBXGroup;
			children = (
				7D4CAEC21A4FF95A003E1281 /* Info.plist */,
			);
			name = "Supporting Files";
			sourceTree = "<group>";
		};
		7D4CAED21A4FF9FC003E1281 /* Validators */ = {
			isa = PBXGroup;
			children = (
				7D4CAF751A51A474003E1281 /* VVJSONSchema+StandardValidators.m */,
				7D4CAF6E1A519D23003E1281 /* VVJSONSchemaDefinitions.h */,
				7D4CAF6F1A519D23003E1281 /* VVJSONSchemaDefinitions.m */,
				7D4CB0A31A52B268003E1281 /* VVJSONSchemaTypeValidator.h */,
				7D4CB0A41A52B268003E1281 /* VVJSONSchemaTypeValidator.m */,
				7D4CB0A91A52F200003E1281 /* VVJSONSchemaEnumValidator.h */,
				7D4CB0AA1A52F200003E1281 /* VVJSONSchemaEnumValidator.m */,
				7D4CB09D1A51C060003E1281 /* VVJSONSchemaNumericValidator.h */,
				7D4CB09E1A51C060003E1281 /* VVJSONSchemaNumericValidator.m */,
				7D32BE711A53F1C4009EB554 /* VVJSONSchemaStringValidator.h */,
				7D32BE721A53F1C4009EB554 /* VVJSONSchemaStringValidator.m */,
				7D32BE771A5447A6009EB554 /* VVJSONSchemaArrayValidator.h */,
				7D32BE781A5447A6009EB554 /* VVJSONSchemaArrayValidator.m */,
				7DF695C31A5515DF00739238 /* VVJSONSchemaArrayItemsValidator.h */,
				7DF695C41A5515DF00739238 /* VVJSONSchemaArrayItemsValidator.m */,
				7DF695FC1A553F6E00739238 /* VVJSONSchemaObjectValidator.h */,
				7DF695FD1A553F6E00739238 /* VVJSONSchemaObjectValidator.m */,
				7DF696081A555DA400739238 /* VVJSONSchemaDependenciesValidator.h */,
				7DF696091A555DA400739238 /* VVJSONSchemaDependenciesValidator.m */,
			);
			name = Validators;
			sourceTree = "<group>";
		};
		7DF695C91A553C6900739238 /* Test Suite JSONs */ = {
			isa = PBXGroup;
			children = (
				7DF695CA1A553C6900739238 /* additionalItems.json */,
				7DF695CB1A553C6900739238 /* additionalProperties.json */,
				7DF695CC1A553C6900739238 /* allOf.json */,
				7DF695CD1A553C6900739238 /* anyOf.json */,
				7DF695CE1A553C6900739238 /* dependencies.json */,
				7DF695CF1A553C6900739238 /* enum.json */,
				7DF695D01A553C6900739238 /* items.json */,
				7DF695D11A553C6900739238 /* maximum.json */,
				7DF695D21A553C6900739238 /* maxItems.json */,
				7DF695D31A553C6900739238 /* maxLength.json */,
				7DF695D41A553C6900739238 /* maxProperties.json */,
				7DF695D51A553C6900739238 /* minimum.json */,
				7DF695D61A553C6900739238 /* minItems.json */,
				7DF695D71A553C6900739238 /* minLength.json */,
				7DF695D81A553C6900739238 /* minProperties.json */,
				7DF695D91A553C6900739238 /* multipleOf.json */,
				7DF695DA1A553C6900739238 /* not.json */,
				7DF695DB1A553C6900739238 /* oneOf.json */,
				7DF695DC1A553C6900739238 /* pattern.json */,
				7DF695DD1A553C6900739238 /* patternProperties.json */,
				7DF695DE1A553C6900739238 /* properties.json */,
				7DF695DF1A553C6900739238 /* ref.json */,
				7DF695E01A553C6900739238 /* required.json */,
				7DF695E11A553C6900739238 /* type.json */,
				7DF695E21A553C6900739238 /* uniqueItems.json */,
			);
			name = "Test Suite JSONs";
			path = JSON;
			sourceTree = "<group>";
		};
/* End PBXGroup section */

/* Begin PBXHeadersBuildPhase section */
		7D4CAEF31A50FA24003E1281 /* Headers */ = {
			isa = PBXHeadersBuildPhase;
			buildActionMask = 2147483647;
			files = (
				7D32BE761A540277009EB554 /* VVJSONSchemaStringValidator.h in Headers */,
				7DF6960A1A555DA400739238 /* VVJSONSchemaDependenciesValidator.h in Headers */,
				7D32BE8D1A5460D4009EB554 /* NSArray+VVJSONComparison.h in Headers */,
				7D4CAF191A5128C8003E1281 /* VVJSONSchemaFactory.h in Headers */,
				7D4CAF231A512950003E1281 /* VVJSONSchemaStore.h in Headers */,
				7D4CB09F1A51C060003E1281 /* VVJSONSchemaNumericValidator.h in Headers */,
				7D4CAF701A519D23003E1281 /* VVJSONSchemaDefinitions.h in Headers */,
				7D4CAF821A51B4C4003E1281 /* NSNumber+VVJSONNumberTypes.h in Headers */,
				7D4CAF6D1A519C46003E1281 /* VVJSONSchemaValidator.h in Headers */,
				7D32BE8E1A5460D4009EB554 /* NSDictionary+VVJSONComparison.h in Headers */,
				7DF695FE1A553F6E00739238 /* VVJSONSchemaObjectValidator.h in Headers */,
				7D4CAF251A512950003E1281 /* NSURL+VVJSONReferencing.h in Headers */,
				7DF695C61A5515E200739238 /* VVJSONSchemaArrayItemsValidator.h in Headers */,
				7D4CB0A51A52B268003E1281 /* VVJSONSchemaTypeValidator.h in Headers */,
				7D4CAF241A512950003E1281 /* VVJSONSchemaErrors.h in Headers */,
				7D4CAF211A512950003E1281 /* VVJSONSchema.h in Headers */,
				7D4CAF221A512950003E1281 /* VVJSONSchemaReference.h in Headers */,
				7D4CB0AB1A52F200003E1281 /* VVJSONSchemaEnumValidator.h in Headers */,
				7D32BE8C1A5460D4009EB554 /* NSObject+VVJSONComparison.h in Headers */,
			);
			runOnlyForDeploymentPostprocessing = 0;
		};
/* End PBXHeadersBuildPhase section */

/* Begin PBXNativeTarget section */
		7D4CAEB01A4FF95A003E1281 /* VVJSONSchemaValidation-iOS */ = {
			isa = PBXNativeTarget;
			buildConfigurationList = 7D4CAEC51A4FF95A003E1281 /* Build configuration list for PBXNativeTarget "VVJSONSchemaValidation-iOS" */;
			buildPhases = (
				7D4CAEAD1A4FF95A003E1281 /* Sources */,
				7D4CAEAE1A4FF95A003E1281 /* Frameworks */,
				7D4CAEAF1A4FF95A003E1281 /* CopyFiles */,
			);
			buildRules = (
			);
			dependencies = (
			);
			name = "VVJSONSchemaValidation-iOS";
			productName = VVJSONSchemaValidation;
			productReference = 7D4CAEB11A4FF95A003E1281 /* libVVJSONSchemaValidation-iOS.a */;
			productType = "com.apple.product-type.library.static";
		};
		7D4CAEBB1A4FF95A003E1281 /* VVJSONSchemaValidationTests */ = {
			isa = PBXNativeTarget;
			buildConfigurationList = 7D4CAEC81A4FF95A003E1281 /* Build configuration list for PBXNativeTarget "VVJSONSchemaValidationTests" */;
			buildPhases = (
				7D4CAEB81A4FF95A003E1281 /* Sources */,
				7D4CAEB91A4FF95A003E1281 /* Frameworks */,
				7D4CAEBA1A4FF95A003E1281 /* Resources */,
			);
			buildRules = (
			);
			dependencies = (
				7D4CAEBF1A4FF95A003E1281 /* PBXTargetDependency */,
			);
			name = VVJSONSchemaValidationTests;
			productName = VVJSONSchemaValidationTests;
			productReference = 7D4CAEBC1A4FF95A003E1281 /* VVJSONSchemaValidationTests.xctest */;
			productType = "com.apple.product-type.bundle.unit-test";
		};
		7D4CAEF41A50FA24003E1281 /* VVJSONSchemaValidation-OSX */ = {
			isa = PBXNativeTarget;
			buildConfigurationList = 7D4CAF061A50FA25003E1281 /* Build configuration list for PBXNativeTarget "VVJSONSchemaValidation-OSX" */;
			buildPhases = (
				7D4CAEF11A50FA24003E1281 /* Sources */,
				7D4CAEF21A50FA24003E1281 /* Frameworks */,
				7D4CAEF31A50FA24003E1281 /* Headers */,
			);
			buildRules = (
			);
			dependencies = (
			);
			name = "VVJSONSchemaValidation-OSX";
			productName = "VVJSONSchemaValidation-OSX";
			productReference = 7D4CAEF51A50FA24003E1281 /* libVVJSONSchemaValidation-OSX.a */;
			productType = "com.apple.product-type.library.static";
		};
/* End PBXNativeTarget section */

/* Begin PBXProject section */
		7D4CAEA91A4FF95A003E1281 /* Project object */ = {
			isa = PBXProject;
			attributes = {
				CLASSPREFIX = VVJSON;
				LastUpgradeCheck = 0610;
				ORGANIZATIONNAME = "Vlas Voloshin";
				TargetAttributes = {
					7D4CAEB01A4FF95A003E1281 = {
						CreatedOnToolsVersion = 6.1.1;
					};
					7D4CAEBB1A4FF95A003E1281 = {
						CreatedOnToolsVersion = 6.1.1;
					};
					7D4CAEF41A50FA24003E1281 = {
						CreatedOnToolsVersion = 6.1.1;
					};
				};
			};
			buildConfigurationList = 7D4CAEAC1A4FF95A003E1281 /* Build configuration list for PBXProject "VVJSONSchemaValidation" */;
			compatibilityVersion = "Xcode 3.2";
			developmentRegion = English;
			hasScannedForEncodings = 0;
			knownRegions = (
				en,
			);
			mainGroup = 7D4CAEA81A4FF95A003E1281;
			productRefGroup = 7D4CAEB21A4FF95A003E1281 /* Products */;
			projectDirPath = "";
			projectRoot = "";
			targets = (
				7D4CAEB01A4FF95A003E1281 /* VVJSONSchemaValidation-iOS */,
				7D4CAEF41A50FA24003E1281 /* VVJSONSchemaValidation-OSX */,
				7D4CAEBB1A4FF95A003E1281 /* VVJSONSchemaValidationTests */,
			);
		};
/* End PBXProject section */

/* Begin PBXResourcesBuildPhase section */
		7D4CAEBA1A4FF95A003E1281 /* Resources */ = {
			isa = PBXResourcesBuildPhase;
			buildActionMask = 2147483647;
			files = (
				7DF695E71A553C6900739238 /* dependencies.json in Resources */,
				7DF695F71A553C6900739238 /* properties.json in Resources */,
				7DF695F61A553C6900739238 /* patternProperties.json in Resources */,
				7DF695F41A553C6900739238 /* oneOf.json in Resources */,
				7DF695EB1A553C6900739238 /* maxItems.json in Resources */,
				7DF695F01A553C6900739238 /* minLength.json in Resources */,
				7DF695ED1A553C6900739238 /* maxProperties.json in Resources */,
				7DF695F81A553C6900739238 /* ref.json in Resources */,
				7DF695F11A553C6900739238 /* minProperties.json in Resources */,
				7DF695E31A553C6900739238 /* additionalItems.json in Resources */,
				7DF695EE1A553C6900739238 /* minimum.json in Resources */,
				7DF695FB1A553C6900739238 /* uniqueItems.json in Resources */,
				7DF695FA1A553C6900739238 /* type.json in Resources */,
				7DF695EA1A553C6900739238 /* maximum.json in Resources */,
				7DF695F21A553C6900739238 /* multipleOf.json in Resources */,
				7DF695F91A553C6900739238 /* required.json in Resources */,
				7DF695EC1A553C6900739238 /* maxLength.json in Resources */,
				7DF695E91A553C6900739238 /* items.json in Resources */,
				7DF695F51A553C6900739238 /* pattern.json in Resources */,
				7DF695F31A553C6900739238 /* not.json in Resources */,
				7DF695E81A553C6900739238 /* enum.json in Resources */,
				7DF695EF1A553C6900739238 /* minItems.json in Resources */,
				7DF695E41A553C6900739238 /* additionalProperties.json in Resources */,
				7DF695E51A553C6900739238 /* allOf.json in Resources */,
				7DF695E61A553C6900739238 /* anyOf.json in Resources */,
			);
			runOnlyForDeploymentPostprocessing = 0;
		};
/* End PBXResourcesBuildPhase section */

/* Begin PBXSourcesBuildPhase section */
		7D4CAEAD1A4FF95A003E1281 /* Sources */ = {
			isa = PBXSourcesBuildPhase;
			buildActionMask = 2147483647;
			files = (
				7DF6960B1A555DA400739238 /* VVJSONSchemaDependenciesValidator.m in Sources */,
				7D4CAF771A51A474003E1281 /* VVJSONSchema+StandardValidators.m in Sources */,
				7D4CAF711A519D23003E1281 /* VVJSONSchemaDefinitions.m in Sources */,
				7DF695C51A5515DF00739238 /* VVJSONSchemaArrayItemsValidator.m in Sources */,
				7D4CAED11A4FF9F0003E1281 /* VVJSONSchemaStore.m in Sources */,
				7D32BE791A5447A6009EB554 /* VVJSONSchemaArrayValidator.m in Sources */,
				7D4CB0A61A52B268003E1281 /* VVJSONSchemaTypeValidator.m in Sources */,
				7D4CAECD1A4FF9A9003E1281 /* VVJSONSchema.m in Sources */,
				7D4CAED51A4FFC68003E1281 /* VVJSONSchemaReference.m in Sources */,
				7D4CAF1A1A5128C8003E1281 /* VVJSONSchemaFactory.m in Sources */,
				7D4CAF151A5114F1003E1281 /* NSURL+VVJSONReferencing.m in Sources */,
				7DF695FF1A553F6E00739238 /* VVJSONSchemaObjectValidator.m in Sources */,
				7D4CB0AC1A52F200003E1281 /* VVJSONSchemaEnumValidator.m in Sources */,
				7D32BE731A53F1C4009EB554 /* VVJSONSchemaStringValidator.m in Sources */,
				7D32BE821A5454E6009EB554 /* NSArray+VVJSONComparison.m in Sources */,
				7D32BE891A545BF5009EB554 /* NSObject+VVJSONComparison.m in Sources */,
				7D4CB0A01A51C060003E1281 /* VVJSONSchemaNumericValidator.m in Sources */,
				7D32BE851A545629009EB554 /* NSDictionary+VVJSONComparison.m in Sources */,
				7D4CAF831A51B4C4003E1281 /* NSNumber+VVJSONNumberTypes.m in Sources */,
				7D4CAF111A510053003E1281 /* VVJSONSchemaErrors.m in Sources */,
			);
			runOnlyForDeploymentPostprocessing = 0;
		};
		7D4CAEB81A4FF95A003E1281 /* Sources */ = {
			isa = PBXSourcesBuildPhase;
			buildActionMask = 2147483647;
			files = (
				7DF6960D1A555DA400739238 /* VVJSONSchemaDependenciesValidator.m in Sources */,
				7D4CAF791A51A474003E1281 /* VVJSONSchema+StandardValidators.m in Sources */,
				7D32BE941A5460DC009EB554 /* NSDictionary+VVJSONComparison.m in Sources */,
				7D4CAF691A519C17003E1281 /* VVJSONSchemaFactory.m in Sources */,
				7D4CAF6C1A519C17003E1281 /* NSURL+VVJSONReferencing.m in Sources */,
				7D4CAF891A51BAB3003E1281 /* NSNumber+VVJSONNumberTypesTests.m in Sources */,
				7D4CAF681A519C17003E1281 /* VVJSONSchemaReference.m in Sources */,
				7D4CB0A81A52B268003E1281 /* VVJSONSchemaTypeValidator.m in Sources */,
				7D32BE931A5460DC009EB554 /* NSArray+VVJSONComparison.m in Sources */,
				7D4CAF6A1A519C17003E1281 /* VVJSONSchemaStore.m in Sources */,
				7D4CAF6B1A519C17003E1281 /* VVJSONSchemaErrors.m in Sources */,
				7D32BE921A5460DC009EB554 /* NSObject+VVJSONComparison.m in Sources */,
				7DF695C81A5515E600739238 /* VVJSONSchemaArrayItemsValidator.m in Sources */,
				7DF696011A553F6E00739238 /* VVJSONSchemaObjectValidator.m in Sources */,
				7D4CAF731A519D23003E1281 /* VVJSONSchemaDefinitions.m in Sources */,
				7D4CAF671A519C17003E1281 /* VVJSONSchema.m in Sources */,
				7D4CAF2F1A518E87003E1281 /* VVJSONSchemaTestCase.m in Sources */,
				7D4CB0A21A51C060003E1281 /* VVJSONSchemaNumericValidator.m in Sources */,
				7D32BE751A540270009EB554 /* VVJSONSchemaStringValidator.m in Sources */,
				7D4CAF851A51B4C4003E1281 /* NSNumber+VVJSONNumberTypes.m in Sources */,
				7D32BE8B1A545EFF009EB554 /* NSObject+VVJSONComparisonTests.m in Sources */,
				7D4CAF2C1A518E0B003E1281 /* VVJSONSchemaTests.m in Sources */,
				7D4CB0AE1A52F200003E1281 /* VVJSONSchemaEnumValidator.m in Sources */,
			);
			runOnlyForDeploymentPostprocessing = 0;
		};
		7D4CAEF11A50FA24003E1281 /* Sources */ = {
			isa = PBXSourcesBuildPhase;
			buildActionMask = 2147483647;
			files = (
				7D4CAF781A51A474003E1281 /* VVJSONSchema+StandardValidators.m in Sources */,
				7D4CAF721A519D23003E1281 /* VVJSONSchemaDefinitions.m in Sources */,
				7D32BE8F1A5460DB009EB554 /* NSObject+VVJSONComparison.m in Sources */,
				7D4CAF0D1A50FA48003E1281 /* VVJSONSchemaReference.m in Sources */,
				7D4CB0A71A52B268003E1281 /* VVJSONSchemaTypeValidator.m in Sources */,
				7D4CAF0C1A50FA45003E1281 /* VVJSONSchema.m in Sources */,
				7D4CAF0E1A50FA48003E1281 /* VVJSONSchemaStore.m in Sources */,
				7D4CAF1B1A5128C8003E1281 /* VVJSONSchemaFactory.m in Sources */,
				7DF695C71A5515E500739238 /* VVJSONSchemaArrayItemsValidator.m in Sources */,
				7D4CAF161A5114FB003E1281 /* NSURL+VVJSONReferencing.m in Sources */,
				7D4CB0AD1A52F200003E1281 /* VVJSONSchemaEnumValidator.m in Sources */,
				7D32BE741A540270009EB554 /* VVJSONSchemaStringValidator.m in Sources */,
				7DF696001A553F6E00739238 /* VVJSONSchemaObjectValidator.m in Sources */,
				7D32BE901A5460DB009EB554 /* NSArray+VVJSONComparison.m in Sources */,
				7D4CB0A11A51C060003E1281 /* VVJSONSchemaNumericValidator.m in Sources */,
				7DF6960C1A555DA400739238 /* VVJSONSchemaDependenciesValidator.m in Sources */,
				7D32BE911A5460DB009EB554 /* NSDictionary+VVJSONComparison.m in Sources */,
				7D4CAF841A51B4C4003E1281 /* NSNumber+VVJSONNumberTypes.m in Sources */,
				7D4CAF121A51005F003E1281 /* VVJSONSchemaErrors.m in Sources */,
			);
			runOnlyForDeploymentPostprocessing = 0;
		};
/* End PBXSourcesBuildPhase section */

/* Begin PBXTargetDependency section */
		7D4CAEBF1A4FF95A003E1281 /* PBXTargetDependency */ = {
			isa = PBXTargetDependency;
			target = 7D4CAEB01A4FF95A003E1281 /* VVJSONSchemaValidation-iOS */;
			targetProxy = 7D4CAEBE1A4FF95A003E1281 /* PBXContainerItemProxy */;
		};
/* End PBXTargetDependency section */

/* Begin XCBuildConfiguration section */
		7D4CAEC31A4FF95A003E1281 /* Debug */ = {
			isa = XCBuildConfiguration;
			buildSettings = {
				ALWAYS_SEARCH_USER_PATHS = NO;
				CLANG_ANALYZER_SECURITY_FLOATLOOPCOUNTER = YES;
				CLANG_CXX_LANGUAGE_STANDARD = "gnu++0x";
				CLANG_CXX_LIBRARY = "libc++";
				CLANG_ENABLE_MODULES = YES;
				CLANG_ENABLE_OBJC_ARC = YES;
				CLANG_WARN_BOOL_CONVERSION = YES;
				CLANG_WARN_CONSTANT_CONVERSION = YES;
				CLANG_WARN_DEPRECATED_OBJC_IMPLEMENTATIONS = YES;
				CLANG_WARN_DIRECT_OBJC_ISA_USAGE = YES_ERROR;
				CLANG_WARN_EMPTY_BODY = YES;
				CLANG_WARN_ENUM_CONVERSION = YES;
				CLANG_WARN_IMPLICIT_SIGN_CONVERSION = YES;
				CLANG_WARN_INT_CONVERSION = YES;
				CLANG_WARN_OBJC_EXPLICIT_OWNERSHIP_TYPE = YES;
				CLANG_WARN_OBJC_IMPLICIT_ATOMIC_PROPERTIES = YES;
				CLANG_WARN_OBJC_IMPLICIT_RETAIN_SELF = YES;
				CLANG_WARN_OBJC_ROOT_CLASS = YES_ERROR;
				CLANG_WARN_SUSPICIOUS_IMPLICIT_CONVERSION = YES;
				CLANG_WARN_UNREACHABLE_CODE = YES;
				CLANG_WARN__DUPLICATE_METHOD_MATCH = YES;
				COPY_PHASE_STRIP = NO;
				ENABLE_STRICT_OBJC_MSGSEND = YES;
				GCC_C_LANGUAGE_STANDARD = gnu99;
				GCC_DYNAMIC_NO_PIC = NO;
				GCC_OPTIMIZATION_LEVEL = 0;
				GCC_PREPROCESSOR_DEFINITIONS = (
					"DEBUG=1",
					"$(inherited)",
				);
				GCC_SYMBOLS_PRIVATE_EXTERN = NO;
				GCC_WARN_64_TO_32_BIT_CONVERSION = YES;
				GCC_WARN_ABOUT_MISSING_NEWLINE = YES;
				GCC_WARN_ABOUT_RETURN_TYPE = YES_ERROR;
				GCC_WARN_MULTIPLE_DEFINITION_TYPES_FOR_SELECTOR = YES;
				GCC_WARN_SHADOW = YES;
				GCC_WARN_SIGN_COMPARE = YES;
				GCC_WARN_UNDECLARED_SELECTOR = YES;
				GCC_WARN_UNINITIALIZED_AUTOS = YES_AGGRESSIVE;
				GCC_WARN_UNUSED_FUNCTION = YES;
				GCC_WARN_UNUSED_VARIABLE = YES;
				IPHONEOS_DEPLOYMENT_TARGET = 7.0;
				MACOSX_DEPLOYMENT_TARGET = 10.9;
				MTL_ENABLE_DEBUG_INFO = YES;
				ONLY_ACTIVE_ARCH = YES;
				SDKROOT = iphoneos;
			};
			name = Debug;
		};
		7D4CAEC41A4FF95A003E1281 /* Release */ = {
			isa = XCBuildConfiguration;
			buildSettings = {
				ALWAYS_SEARCH_USER_PATHS = NO;
				CLANG_ANALYZER_SECURITY_FLOATLOOPCOUNTER = YES;
				CLANG_CXX_LANGUAGE_STANDARD = "gnu++0x";
				CLANG_CXX_LIBRARY = "libc++";
				CLANG_ENABLE_MODULES = YES;
				CLANG_ENABLE_OBJC_ARC = YES;
				CLANG_WARN_BOOL_CONVERSION = YES;
				CLANG_WARN_CONSTANT_CONVERSION = YES;
				CLANG_WARN_DEPRECATED_OBJC_IMPLEMENTATIONS = YES;
				CLANG_WARN_DIRECT_OBJC_ISA_USAGE = YES_ERROR;
				CLANG_WARN_EMPTY_BODY = YES;
				CLANG_WARN_ENUM_CONVERSION = YES;
				CLANG_WARN_IMPLICIT_SIGN_CONVERSION = YES;
				CLANG_WARN_INT_CONVERSION = YES;
				CLANG_WARN_OBJC_EXPLICIT_OWNERSHIP_TYPE = YES;
				CLANG_WARN_OBJC_IMPLICIT_ATOMIC_PROPERTIES = YES;
				CLANG_WARN_OBJC_IMPLICIT_RETAIN_SELF = YES;
				CLANG_WARN_OBJC_ROOT_CLASS = YES_ERROR;
				CLANG_WARN_SUSPICIOUS_IMPLICIT_CONVERSION = YES;
				CLANG_WARN_UNREACHABLE_CODE = YES;
				CLANG_WARN__DUPLICATE_METHOD_MATCH = YES;
				COPY_PHASE_STRIP = YES;
				ENABLE_NS_ASSERTIONS = NO;
				ENABLE_STRICT_OBJC_MSGSEND = YES;
				GCC_C_LANGUAGE_STANDARD = gnu99;
				GCC_WARN_64_TO_32_BIT_CONVERSION = YES;
				GCC_WARN_ABOUT_MISSING_NEWLINE = YES;
				GCC_WARN_ABOUT_RETURN_TYPE = YES_ERROR;
				GCC_WARN_MULTIPLE_DEFINITION_TYPES_FOR_SELECTOR = YES;
				GCC_WARN_SHADOW = YES;
				GCC_WARN_SIGN_COMPARE = YES;
				GCC_WARN_UNDECLARED_SELECTOR = YES;
				GCC_WARN_UNINITIALIZED_AUTOS = YES_AGGRESSIVE;
				GCC_WARN_UNUSED_FUNCTION = YES;
				GCC_WARN_UNUSED_VARIABLE = YES;
				IPHONEOS_DEPLOYMENT_TARGET = 7.0;
				MACOSX_DEPLOYMENT_TARGET = 10.9;
				MTL_ENABLE_DEBUG_INFO = NO;
				SDKROOT = iphoneos;
				VALIDATE_PRODUCT = YES;
			};
			name = Release;
		};
		7D4CAEC61A4FF95A003E1281 /* Debug */ = {
			isa = XCBuildConfiguration;
			buildSettings = {
				OTHER_LDFLAGS = "-ObjC";
				PRODUCT_NAME = "$(TARGET_NAME)";
				SKIP_INSTALL = YES;
			};
			name = Debug;
		};
		7D4CAEC71A4FF95A003E1281 /* Release */ = {
			isa = XCBuildConfiguration;
			buildSettings = {
				OTHER_LDFLAGS = "-ObjC";
				PRODUCT_NAME = "$(TARGET_NAME)";
				SKIP_INSTALL = YES;
			};
			name = Release;
		};
		7D4CAEC91A4FF95A003E1281 /* Debug */ = {
			isa = XCBuildConfiguration;
			buildSettings = {
				FRAMEWORK_SEARCH_PATHS = (
					"$(SDKROOT)/Developer/Library/Frameworks",
					"$(inherited)",
				);
				GCC_PREPROCESSOR_DEFINITIONS = (
					"DEBUG=1",
					"$(inherited)",
				);
				INFOPLIST_FILE = VVJSONSchemaValidationTests/Info.plist;
				LD_RUNPATH_SEARCH_PATHS = "$(inherited) @executable_path/Frameworks @loader_path/Frameworks";
				PRODUCT_NAME = "$(TARGET_NAME)";
			};
			name = Debug;
		};
		7D4CAECA1A4FF95A003E1281 /* Release */ = {
			isa = XCBuildConfiguration;
			buildSettings = {
				FRAMEWORK_SEARCH_PATHS = (
					"$(SDKROOT)/Developer/Library/Frameworks",
					"$(inherited)",
				);
				INFOPLIST_FILE = VVJSONSchemaValidationTests/Info.plist;
				LD_RUNPATH_SEARCH_PATHS = "$(inherited) @executable_path/Frameworks @loader_path/Frameworks";
				PRODUCT_NAME = "$(TARGET_NAME)";
			};
			name = Release;
		};
		7D4CAF071A50FA25003E1281 /* Debug */ = {
			isa = XCBuildConfiguration;
			buildSettings = {
				EXECUTABLE_PREFIX = lib;
				GCC_PREPROCESSOR_DEFINITIONS = (
					"DEBUG=1",
					"$(inherited)",
				);
				MACOSX_DEPLOYMENT_TARGET = 10.10;
				PRODUCT_NAME = "$(TARGET_NAME)";
				SDKROOT = macosx;
			};
			name = Debug;
		};
		7D4CAF081A50FA25003E1281 /* Release */ = {
			isa = XCBuildConfiguration;
			buildSettings = {
				DEBUG_INFORMATION_FORMAT = "dwarf-with-dsym";
				EXECUTABLE_PREFIX = lib;
				MACOSX_DEPLOYMENT_TARGET = 10.10;
				PRODUCT_NAME = "$(TARGET_NAME)";
				SDKROOT = macosx;
			};
			name = Release;
		};
/* End XCBuildConfiguration section */

/* Begin XCConfigurationList section */
		7D4CAEAC1A4FF95A003E1281 /* Build configuration list for PBXProject "VVJSONSchemaValidation" */ = {
			isa = XCConfigurationList;
			buildConfigurations = (
				7D4CAEC31A4FF95A003E1281 /* Debug */,
				7D4CAEC41A4FF95A003E1281 /* Release */,
			);
			defaultConfigurationIsVisible = 0;
			defaultConfigurationName = Release;
		};
		7D4CAEC51A4FF95A003E1281 /* Build configuration list for PBXNativeTarget "VVJSONSchemaValidation-iOS" */ = {
			isa = XCConfigurationList;
			buildConfigurations = (
				7D4CAEC61A4FF95A003E1281 /* Debug */,
				7D4CAEC71A4FF95A003E1281 /* Release */,
			);
			defaultConfigurationIsVisible = 0;
			defaultConfigurationName = Release;
		};
		7D4CAEC81A4FF95A003E1281 /* Build configuration list for PBXNativeTarget "VVJSONSchemaValidationTests" */ = {
			isa = XCConfigurationList;
			buildConfigurations = (
				7D4CAEC91A4FF95A003E1281 /* Debug */,
				7D4CAECA1A4FF95A003E1281 /* Release */,
			);
			defaultConfigurationIsVisible = 0;
			defaultConfigurationName = Release;
		};
		7D4CAF061A50FA25003E1281 /* Build configuration list for PBXNativeTarget "VVJSONSchemaValidation-OSX" */ = {
			isa = XCConfigurationList;
			buildConfigurations = (
				7D4CAF071A50FA25003E1281 /* Debug */,
				7D4CAF081A50FA25003E1281 /* Release */,
			);
			defaultConfigurationIsVisible = 0;
			defaultConfigurationName = Release;
		};
/* End XCConfigurationList section */
	};
	rootObject = 7D4CAEA91A4FF95A003E1281 /* Project object */;
}
